// !$*UTF8*$!
{
	archiveVersion = 1;
	classes = {
	};
	objectVersion = 46;
	objects = {

/* Begin PBXBuildFile section */
		284145AF1C32353B00672E4F /* AppDelegate.swift in Sources */ = {isa = PBXBuildFile; fileRef = 284145AE1C32353B00672E4F /* AppDelegate.swift */; };
		284145B11C32353B00672E4F /* ViewController.swift in Sources */ = {isa = PBXBuildFile; fileRef = 284145B01C32353B00672E4F /* ViewController.swift */; };
		284145B41C32353B00672E4F /* Main.storyboard in Resources */ = {isa = PBXBuildFile; fileRef = 284145B21C32353B00672E4F /* Main.storyboard */; };
		284145B71C32353B00672E4F /* TimesTable.xcdatamodeld in Sources */ = {isa = PBXBuildFile; fileRef = 284145B51C32353B00672E4F /* TimesTable.xcdatamodeld */; };
		284145B91C32353B00672E4F /* Assets.xcassets in Resources */ = {isa = PBXBuildFile; fileRef = 284145B81C32353B00672E4F /* Assets.xcassets */; };
		284145BC1C32353B00672E4F /* LaunchScreen.storyboard in Resources */ = {isa = PBXBuildFile; fileRef = 284145BA1C32353B00672E4F /* LaunchScreen.storyboard */; };
/* End PBXBuildFile section */

/* Begin PBXFileReference section */
		284145AB1C32353B00672E4F /* TimesTable.app */ = {isa = PBXFileReference; explicitFileType = wrapper.application; includeInIndex = 0; path = TimesTable.app; sourceTree = BUILT_PRODUCTS_DIR; };
		284145AE1C32353B00672E4F /* AppDelegate.swift */ = {isa = PBXFileReference; lastKnownFileType = sourcecode.swift; path = AppDelegate.swift; sourceTree = "<group>"; };
		284145B01C32353B00672E4F /* ViewController.swift */ = {isa = PBXFileReference; lastKnownFileType = sourcecode.swift; path = ViewController.swift; sourceTree = "<group>"; };
		284145B31C32353B00672E4F /* Base */ = {isa = PBXFileReference; lastKnownFileType = file.storyboard; name = Base; path = Base.lproj/Main.storyboard; sourceTree = "<group>"; };
		284145B61C32353B00672E4F /* TimesTable.xcdatamodel */ = {isa = PBXFileReference; lastKnownFileType = wrapper.xcdatamodel; path = TimesTable.xcdatamodel; sourceTree = "<group>"; };
		284145B81C32353B00672E4F /* Assets.xcassets */ = {isa = PBXFileReference; lastKnownFileType = folder.assetcatalog; path = Assets.xcassets; sourceTree = "<group>"; };
		284145BB1C32353B00672E4F /* Base */ = {isa = PBXFileReference; lastKnownFileType = file.storyboard; name = Base; path = Base.lproj/LaunchScreen.storyboard; sourceTree = "<group>"; };
		284145BD1C32353B00672E4F /* Info.plist */ = {isa = PBXFileReference; lastKnownFileType = text.plist.xml; path = Info.plist; sourceTree = "<group>"; };
/* End PBXFileReference section */

/* Begin PBXFrameworksBuildPhase section */
		284145A81C32353B00672E4F /* Frameworks */ = {
			isa = PBXFrameworksBuildPhase;
			buildActionMask = 2147483647;
			files = (
			);
			runOnlyForDeploymentPostprocessing = 0;
		};
/* End PBXFrameworksBuildPhase section */

/* Begin PBXGroup section */
		284145A21C32353B00672E4F = {
			isa = PBXGroup;
			children = (
				284145AD1C32353B00672E4F /* TimesTable */,
				284145AC1C32353B00672E4F /* Products */,
			);
			sourceTree = "<group>";
		};
		284145AC1C32353B00672E4F /* Products */ = {
			isa = PBXGroup;
			children = (
				284145AB1C32353B00672E4F /* TimesTable.app */,
			);
			name = Products;
			sourceTree = "<group>";
		};
		284145AD1C32353B00672E4F /* TimesTable */ = {
			isa = PBXGroup;
			children = (
				284145AE1C32353B00672E4F /* AppDelegate.swift */,
				284145B01C32353B00672E4F /* ViewController.swift */,
				284145B21C32353B00672E4F /* Main.storyboard */,
				284145B81C32353B00672E4F /* Assets.xcassets */,
				284145BA1C32353B00672E4F /* LaunchScreen.storyboard */,
				284145BD1C32353B00672E4F /* Info.plist */,
				284145B51C32353B00672E4F /* TimesTable.xcdatamodeld */,
			);
			path = TimesTable;
			sourceTree = "<group>";
		};
/* End PBXGroup section */

/* Begin PBXNativeTarget section */
		284145AA1C32353B00672E4F /* TimesTable */ = {
			isa = PBXNativeTarget;
			buildConfigurationList = 284145C01C32353B00672E4F /* Build configuration list for PBXNativeTarget "TimesTable" */;
			buildPhases = (
				284145A71C32353B00672E4F /* Sources */,
				284145A81C32353B00672E4F /* Frameworks */,
				284145A91C32353B00672E4F /* Resources */,
			);
			buildRules = (
			);
			dependencies = (
			);
			name = TimesTable;
			productName = TimesTable;
			productReference = 284145AB1C32353B00672E4F /* TimesTable.app */;
			productType = "com.apple.product-type.application";
		};
/* End PBXNativeTarget section */

/* Begin PBXProject section */
		284145A31C32353B00672E4F /* Project object */ = {
			isa = PBXProject;
			attributes = {
				LastSwiftUpdateCheck = 0720;
				LastUpgradeCheck = 0720;
				ORGANIZATIONNAME = "Charles Caruana";
				TargetAttributes = {
					284145AA1C32353B00672E4F = {
						CreatedOnToolsVersion = 7.2;
					};
				};
			};
			buildConfigurationList = 284145A61C32353B00672E4F /* Build configuration list for PBXProject "TimesTable" */;
			compatibilityVersion = "Xcode 3.2";
			developmentRegion = English;
			hasScannedForEncodings = 0;
			knownRegions = (
				en,
				Base,
			);
			mainGroup = 284145A21C32353B00672E4F;
			productRefGroup = 284145AC1C32353B00672E4F /* Products */;
			projectDirPath = "";
			projectRoot = "";
			targets = (
				284145AA1C32353B00672E4F /* TimesTable */,
			);
		};
/* End PBXProject section */

/* Begin PBXResourcesBuildPhase section */
		284145A91C32353B00672E4F /* Resources */ = {
			isa = PBXResourcesBuildPhase;
			buildActionMask = 2147483647;
			files = (
				284145BC1C32353B00672E4F /* LaunchScreen.storyboard in Resources */,
				284145B91C32353B00672E4F /* Assets.xcassets in Resources */,
				284145B41C32353B00672E4F /* Main.storyboard in Resources */,
			);
			runOnlyForDeploymentPostprocessing = 0;
		};
/* End PBXResourcesBuildPhase section */

/* Begin PBXSourcesBuildPhase section */
		284145A71C32353B00672E4F /* Sources */ = {
			isa = PBXSourcesBuildPhase;
			buildActionMask = 2147483647;
			files = (
				284145B11C32353B00672E4F /* ViewController.swift in Sources */,
				284145B71C32353B00672E4F /* TimesTable.xcdatamodeld in Sources */,
				284145AF1C32353B00672E4F /* AppDelegate.swift in Sources */,
			);
			runOnlyForDeploymentPostprocessing = 0;
		};
/* End PBXSourcesBuildPhase section */

/* Begin PBXVariantGroup section */
		284145B21C32353B00672E4F /* Main.storyboard */ = {
			isa = PBXVariantGroup;
			children = (
				284145B31C32353B00672E4F /* Base */,
			);
			name = Main.storyboard;
			sourceTree = "<group>";
		};
		284145BA1C32353B00672E4F /* LaunchScreen.storyboard */ = {
			isa = PBXVariantGroup;
			children = (
				284145BB1C32353B00672E4F /* Base */,
			);
			name = LaunchScreen.storyboard;
			sourceTree = "<group>";
		};
/* End PBXVariantGroup section */

/* Begin XCBuildConfiguration section */
		284145BE1C32353B00672E4F /* Debug */ = {
			isa = XCBuildConfiguration;
			buildSettings = {
				ALWAYS_SEARCH_USER_PATHS = NO;
				CLANG_CXX_LANGUAGE_STANDARD = "gnu++0x";
				CLANG_CXX_LIBRARY = "libc++";
				CLANG_ENABLE_MODULES = YES;
				CLANG_ENABLE_OBJC_ARC = YES;
				CLANG_WARN_BOOL_CONVERSION = YES;
				CLANG_WARN_CONSTANT_CONVERSION = YES;
				CLANG_WARN_DIRECT_OBJC_ISA_USAGE = YES_ERROR;
				CLANG_WARN_EMPTY_BODY = YES;
				CLANG_WARN_ENUM_CONVERSION = YES;
				CLANG_WARN_INT_CONVERSION = YES;
				CLANG_WARN_OBJC_ROOT_CLASS = YES_ERROR;
				CLANG_WARN_UNREACHABLE_CODE = YES;
				CLANG_WARN__DUPLICATE_METHOD_MATCH = YES;
				"CODE_SIGN_IDENTITY[sdk=iphoneos*]" = "iPhone Developer";
				COPY_PHASE_STRIP = NO;
				DEBUG_INFORMATION_FORMAT = dwarf;
				ENABLE_STRICT_OBJC_MSGSEND = YES;
				ENABLE_TESTABILITY = YES;
				GCC_C_LANGUAGE_STANDARD = gnu99;
				GCC_DYNAMIC_NO_PIC = NO;
				GCC_NO_COMMON_BLOCKS = YES;
				GCC_OPTIMIZATION_LEVEL = 0;
				GCC_PREPROCESSOR_DEFINITIONS = (
					"DEBUG=1",
					"$(inherited)",
				);
				GCC_WARN_64_TO_32_BIT_CONVERSION = YES;
				GCC_WARN_ABOUT_RETURN_TYPE = YES_ERROR;
				GCC_WARN_UNDECLARED_SELECTOR = YES;
				GCC_WARN_UNINITIALIZED_AUTOS = YES_AGGRESSIVE;
				GCC_WARN_UNUSED_FUNCTION = YES;
				GCC_WARN_UNUSED_VARIABLE = YES;
				IPHONEOS_DEPLOYMENT_TARGET = 9.2;
				MTL_ENABLE_DEBUG_INFO = YES;
				ONLY_ACTIVE_ARCH = YES;
				SDKROOT = iphoneos;
				SWIFT_OPTIMIZATION_LEVEL = "-Onone";
			};
			name = Debug;
		};
		284145BF1C32353B00672E4F /* Release */ = {
			isa = XCBuildConfiguration;
			buildSettings = {
				ALWAYS_SEARCH_USER_PATHS = NO;
				CLANG_CXX_LANGUAGE_STANDARD = "gnu++0x";
				CLANG_CXX_LIBRARY = "libc++";
				CLANG_ENABLE_MODULES = YES;
				CLANG_ENABLE_OBJC_ARC = YES;
				CLANG_WARN_BOOL_CONVERSION = YES;
				CLANG_WARN_CONSTANT_CONVERSION = YES;
				CLANG_WARN_DIRECT_OBJC_ISA_USAGE = YES_ERROR;
				CLANG_WARN_EMPTY_BODY = YES;
				CLANG_WARN_ENUM_CONVERSION = YES;
				CLANG_WARN_INT_CONVERSION = YES;
				CLANG_WARN_OBJC_ROOT_CLASS = YES_ERROR;
				CLANG_WARN_UNREACHABLE_CODE = YES;
				CLANG_WARN__DUPLICATE_METHOD_MATCH = YES;
				"CODE_SIGN_IDENTITY[sdk=iphoneos*]" = "iPhone Developer";
				COPY_PHASE_STRIP = NO;
				DEBUG_INFORMATION_FORMAT = "dwarf-with-dsym";
				ENABLE_NS_ASSERTIONS = NO;
				ENABLE_STRICT_OBJC_MSGSEND = YES;
				GCC_C_LANGUAGE_STANDARD = gnu99;
				GCC_NO_COMMON_BLOCKS = YES;
				GCC_WARN_64_TO_32_BIT_CONVERSION = YES;
				GCC_WARN_ABOUT_RETURN_TYPE = YES_ERROR;
				GCC_WARN_UNDECLARED_SELECTOR = YES;
				GCC_WARN_UNINITIALIZED_AUTOS = YES_AGGRESSIVE;
				GCC_WARN_UNUSED_FUNCTION = YES;
				GCC_WARN_UNUSED_VARIABLE = YES;
				IPHONEOS_DEPLOYMENT_TARGET = 9.2;
				MTL_ENABLE_DEBUG_INFO = NO;
				SDKROOT = iphoneos;
				VALIDATE_PRODUCT = YES;
			};
			name = Release;
		};
		284145C11C32353B00672E4F /* Debug */ = {
			isa = XCBuildConfiguration;
			buildSettings = {
				ASSETCATALOG_COMPILER_APPICON_NAME = AppIcon;
				INFOPLIST_FILE = TimesTable/Info.plist;
				LD_RUNPATH_SEARCH_PATHS = "$(inherited) @executable_path/Frameworks";
				PRODUCT_BUNDLE_IDENTIFIER = com.mycompany.KODI.TimesTable;
				PRODUCT_NAME = "$(TARGET_NAME)";
			};
			name = Debug;
		};
		284145C21C32353B00672E4F /* Release */ = {
			isa = XCBuildConfiguration;
			buildSettings = {
				ASSETCATALOG_COMPILER_APPICON_NAME = AppIcon;
				INFOPLIST_FILE = TimesTable/Info.plist;
				LD_RUNPATH_SEARCH_PATHS = "$(inherited) @executable_path/Frameworks";
				PRODUCT_BUNDLE_IDENTIFIER = com.mycompany.KODI.TimesTable;
				PRODUCT_NAME = "$(TARGET_NAME)";
			};
			name = Release;
		};
/* End XCBuildConfiguration section */

/* Begin XCConfigurationList section */
		284145A61C32353B00672E4F /* Build configuration list for PBXProject "TimesTable" */ = {
			isa = XCConfigurationList;
			buildConfigurations = (
				284145BE1C32353B00672E4F /* Debug */,
				284145BF1C32353B00672E4F /* Release */,
			);
			defaultConfigurationIsVisible = 0;
			defaultConfigurationName = Release;
		};
		284145C01C32353B00672E4F /* Build configuration list for PBXNativeTarget "TimesTable" */ = {
			isa = XCConfigurationList;
			buildConfigurations = (
				284145C11C32353B00672E4F /* Debug */,
				284145C21C32353B00672E4F /* Release */,
			);
			defaultConfigurationIsVisible = 0;
		};
/* End XCConfigurationList section */

/* Begin XCVersionGroup section */
		284145B51C32353B00672E4F /* TimesTable.xcdatamodeld */ = {
			isa = XCVersionGroup;
			children = (
				284145B61C32353B00672E4F /* TimesTable.xcdatamodel */,
			);
			currentVersion = 284145B61C32353B00672E4F /* TimesTable.xcdatamodel */;
			path = TimesTable.xcdatamodeld;
			sourceTree = "<group>";
			versionGroupType = wrapper.xcdatamodel;
		};
/* End XCVersionGroup section */
	};
	rootObject = 284145A31C32353B00672E4F /* Project object */;
}
