// !$*UTF8*$!
{
	archiveVersion = 1;
	classes = {
	};
	objectVersion = 46;
	objects = {

/* Begin PBXBuildFile section */
		286902E91C137407000AC996 /* AppDelegate.swift in Sources */ = {isa = PBXBuildFile; fileRef = 286902E81C137407000AC996 /* AppDelegate.swift */; };
		286902EB1C137407000AC996 /* ViewController.swift in Sources */ = {isa = PBXBuildFile; fileRef = 286902EA1C137407000AC996 /* ViewController.swift */; };
		286902EE1C137407000AC996 /* Main.storyboard in Resources */ = {isa = PBXBuildFile; fileRef = 286902EC1C137407000AC996 /* Main.storyboard */; };
		286902F01C137407000AC996 /* Assets.xcassets in Resources */ = {isa = PBXBuildFile; fileRef = 286902EF1C137407000AC996 /* Assets.xcassets */; };
		286902F31C137407000AC996 /* LaunchScreen.storyboard in Resources */ = {isa = PBXBuildFile; fileRef = 286902F11C137407000AC996 /* LaunchScreen.storyboard */; };
		286902FE1C137407000AC996 /* MyCalculatorTests.swift in Sources */ = {isa = PBXBuildFile; fileRef = 286902FD1C137407000AC996 /* MyCalculatorTests.swift */; };
		286903091C137407000AC996 /* MyCalculatorUITests.swift in Sources */ = {isa = PBXBuildFile; fileRef = 286903081C137407000AC996 /* MyCalculatorUITests.swift */; };
/* End PBXBuildFile section */

/* Begin PBXContainerItemProxy section */
		286902FA1C137407000AC996 /* PBXContainerItemProxy */ = {
			isa = PBXContainerItemProxy;
			containerPortal = 286902DD1C137407000AC996 /* Project object */;
			proxyType = 1;
			remoteGlobalIDString = 286902E41C137407000AC996;
			remoteInfo = MyCalculator;
		};
		286903051C137407000AC996 /* PBXContainerItemProxy */ = {
			isa = PBXContainerItemProxy;
			containerPortal = 286902DD1C137407000AC996 /* Project object */;
			proxyType = 1;
			remoteGlobalIDString = 286902E41C137407000AC996;
			remoteInfo = MyCalculator;
		};
/* End PBXContainerItemProxy section */

/* Begin PBXFileReference section */
		286902E51C137407000AC996 /* MyCalculator.app */ = {isa = PBXFileReference; explicitFileType = wrapper.application; includeInIndex = 0; path = MyCalculator.app; sourceTree = BUILT_PRODUCTS_DIR; };
		286902E81C137407000AC996 /* AppDelegate.swift */ = {isa = PBXFileReference; lastKnownFileType = sourcecode.swift; path = AppDelegate.swift; sourceTree = "<group>"; };
		286902EA1C137407000AC996 /* ViewController.swift */ = {isa = PBXFileReference; lastKnownFileType = sourcecode.swift; path = ViewController.swift; sourceTree = "<group>"; };
		286902ED1C137407000AC996 /* Base */ = {isa = PBXFileReference; lastKnownFileType = file.storyboard; name = Base; path = Base.lproj/Main.storyboard; sourceTree = "<group>"; };
		286902EF1C137407000AC996 /* Assets.xcassets */ = {isa = PBXFileReference; lastKnownFileType = folder.assetcatalog; path = Assets.xcassets; sourceTree = "<group>"; };
		286902F21C137407000AC996 /* Base */ = {isa = PBXFileReference; lastKnownFileType = file.storyboard; name = Base; path = Base.lproj/LaunchScreen.storyboard; sourceTree = "<group>"; };
		286902F41C137407000AC996 /* Info.plist */ = {isa = PBXFileReference; lastKnownFileType = text.plist.xml; path = Info.plist; sourceTree = "<group>"; };
		286902F91C137407000AC996 /* MyCalculatorTests.xctest */ = {isa = PBXFileReference; explicitFileType = wrapper.cfbundle; includeInIndex = 0; path = MyCalculatorTests.xctest; sourceTree = BUILT_PRODUCTS_DIR; };
		286902FD1C137407000AC996 /* MyCalculatorTests.swift */ = {isa = PBXFileReference; lastKnownFileType = sourcecode.swift; path = MyCalculatorTests.swift; sourceTree = "<group>"; };
		286902FF1C137407000AC996 /* Info.plist */ = {isa = PBXFileReference; lastKnownFileType = text.plist.xml; path = Info.plist; sourceTree = "<group>"; };
		286903041C137407000AC996 /* MyCalculatorUITests.xctest */ = {isa = PBXFileReference; explicitFileType = wrapper.cfbundle; includeInIndex = 0; path = MyCalculatorUITests.xctest; sourceTree = BUILT_PRODUCTS_DIR; };
		286903081C137407000AC996 /* MyCalculatorUITests.swift */ = {isa = PBXFileReference; lastKnownFileType = sourcecode.swift; path = MyCalculatorUITests.swift; sourceTree = "<group>"; };
		2869030A1C137407000AC996 /* Info.plist */ = {isa = PBXFileReference; lastKnownFileType = text.plist.xml; path = Info.plist; sourceTree = "<group>"; };
/* End PBXFileReference section */

/* Begin PBXFrameworksBuildPhase section */
		286902E21C137407000AC996 /* Frameworks */ = {
			isa = PBXFrameworksBuildPhase;
			buildActionMask = 2147483647;
			files = (
			);
			runOnlyForDeploymentPostprocessing = 0;
		};
		286902F61C137407000AC996 /* Frameworks */ = {
			isa = PBXFrameworksBuildPhase;
			buildActionMask = 2147483647;
			files = (
			);
			runOnlyForDeploymentPostprocessing = 0;
		};
		286903011C137407000AC996 /* Frameworks */ = {
			isa = PBXFrameworksBuildPhase;
			buildActionMask = 2147483647;
			files = (
			);
			runOnlyForDeploymentPostprocessing = 0;
		};
/* End PBXFrameworksBuildPhase section */

/* Begin PBXGroup section */
		286902DC1C137407000AC996 = {
			isa = PBXGroup;
			children = (
				286902E71C137407000AC996 /* MyCalculator */,
				286902FC1C137407000AC996 /* MyCalculatorTests */,
				286903071C137407000AC996 /* MyCalculatorUITests */,
				286902E61C137407000AC996 /* Products */,
			);
			sourceTree = "<group>";
		};
		286902E61C137407000AC996 /* Products */ = {
			isa = PBXGroup;
			children = (
				286902E51C137407000AC996 /* MyCalculator.app */,
				286902F91C137407000AC996 /* MyCalculatorTests.xctest */,
				286903041C137407000AC996 /* MyCalculatorUITests.xctest */,
			);
			name = Products;
			sourceTree = "<group>";
		};
		286902E71C137407000AC996 /* MyCalculator */ = {
			isa = PBXGroup;
			children = (
				286902EA1C137407000AC996 /* ViewController.swift */,
				286902EC1C137407000AC996 /* Main.storyboard */,
			);
			path = MyCalculator;
			sourceTree = "<group>";
		};
		286902FC1C137407000AC996 /* MyCalculatorTests */ = {
			isa = PBXGroup;
			children = (
				286902FD1C137407000AC996 /* MyCalculatorTests.swift */,
				286902FF1C137407000AC996 /* Info.plist */,
			);
			path = MyCalculatorTests;
			sourceTree = "<group>";
		};
		286903071C137407000AC996 /* MyCalculatorUITests */ = {
			isa = PBXGroup;
			children = (
				286903161C137468000AC996 /* SupportingFiles */,
				286903081C137407000AC996 /* MyCalculatorUITests.swift */,
				2869030A1C137407000AC996 /* Info.plist */,
			);
			path = MyCalculatorUITests;
			sourceTree = "<group>";
		};
		286903161C137468000AC996 /* SupportingFiles */ = {
			isa = PBXGroup;
			children = (
				286902F11C137407000AC996 /* LaunchScreen.storyboard */,
				286902EF1C137407000AC996 /* Assets.xcassets */,
				286902F41C137407000AC996 /* Info.plist */,
				286902E81C137407000AC996 /* AppDelegate.swift */,
			);
			name = SupportingFiles;
			path = ../MyCalculator;
			sourceTree = "<group>";
		};
/* End PBXGroup section */

/* Begin PBXNativeTarget section */
		286902E41C137407000AC996 /* MyCalculator */ = {
			isa = PBXNativeTarget;
			buildConfigurationList = 2869030D1C137407000AC996 /* Build configuration list for PBXNativeTarget "MyCalculator" */;
			buildPhases = (
				286902E11C137407000AC996 /* Sources */,
				286902E21C137407000AC996 /* Frameworks */,
				286902E31C137407000AC996 /* Resources */,
			);
			buildRules = (
			);
			dependencies = (
			);
			name = MyCalculator;
			productName = MyCalculator;
			productReference = 286902E51C137407000AC996 /* MyCalculator.app */;
			productType = "com.apple.product-type.application";
		};
		286902F81C137407000AC996 /* MyCalculatorTests */ = {
			isa = PBXNativeTarget;
			buildConfigurationList = 286903101C137407000AC996 /* Build configuration list for PBXNativeTarget "MyCalculatorTests" */;
			buildPhases = (
				286902F51C137407000AC996 /* Sources */,
				286902F61C137407000AC996 /* Frameworks */,
				286902F71C137407000AC996 /* Resources */,
			);
			buildRules = (
			);
			dependencies = (
				286902FB1C137407000AC996 /* PBXTargetDependency */,
			);
			name = MyCalculatorTests;
			productName = MyCalculatorTests;
			productReference = 286902F91C137407000AC996 /* MyCalculatorTests.xctest */;
			productType = "com.apple.product-type.bundle.unit-test";
		};
		286903031C137407000AC996 /* MyCalculatorUITests */ = {
			isa = PBXNativeTarget;
			buildConfigurationList = 286903131C137407000AC996 /* Build configuration list for PBXNativeTarget "MyCalculatorUITests" */;
			buildPhases = (
				286903001C137407000AC996 /* Sources */,
				286903011C137407000AC996 /* Frameworks */,
				286903021C137407000AC996 /* Resources */,
			);
			buildRules = (
			);
			dependencies = (
				286903061C137407000AC996 /* PBXTargetDependency */,
			);
			name = MyCalculatorUITests;
			productName = MyCalculatorUITests;
			productReference = 286903041C137407000AC996 /* MyCalculatorUITests.xctest */;
			productType = "com.apple.product-type.bundle.ui-testing";
		};
/* End PBXNativeTarget section */

/* Begin PBXProject section */
		286902DD1C137407000AC996 /* Project object */ = {
			isa = PBXProject;
			attributes = {
				LastSwiftUpdateCheck = 0710;
				LastUpgradeCheck = 0710;
				ORGANIZATIONNAME = chumio.inc;
				TargetAttributes = {
					286902E41C137407000AC996 = {
						CreatedOnToolsVersion = 7.1;
					};
					286902F81C137407000AC996 = {
						CreatedOnToolsVersion = 7.1;
						TestTargetID = 286902E41C137407000AC996;
					};
					286903031C137407000AC996 = {
						CreatedOnToolsVersion = 7.1;
						TestTargetID = 286902E41C137407000AC996;
					};
				};
			};
			buildConfigurationList = 286902E01C137407000AC996 /* Build configuration list for PBXProject "MyCalculator" */;
			compatibilityVersion = "Xcode 3.2";
			developmentRegion = English;
			hasScannedForEncodings = 0;
			knownRegions = (
				en,
				Base,
			);
			mainGroup = 286902DC1C137407000AC996;
			productRefGroup = 286902E61C137407000AC996 /* Products */;
			projectDirPath = "";
			projectRoot = "";
			targets = (
				286902E41C137407000AC996 /* MyCalculator */,
				286902F81C137407000AC996 /* MyCalculatorTests */,
				286903031C137407000AC996 /* MyCalculatorUITests */,
			);
		};
/* End PBXProject section */

/* Begin PBXResourcesBuildPhase section */
		286902E31C137407000AC996 /* Resources */ = {
			isa = PBXResourcesBuildPhase;
			buildActionMask = 2147483647;
			files = (
				286902F31C137407000AC996 /* LaunchScreen.storyboard in Resources */,
				286902F01C137407000AC996 /* Assets.xcassets in Resources */,
				286902EE1C137407000AC996 /* Main.storyboard in Resources */,
			);
			runOnlyForDeploymentPostprocessing = 0;
		};
		286902F71C137407000AC996 /* Resources */ = {
			isa = PBXResourcesBuildPhase;
			buildActionMask = 2147483647;
			files = (
			);
			runOnlyForDeploymentPostprocessing = 0;
		};
		286903021C137407000AC996 /* Resources */ = {
			isa = PBXResourcesBuildPhase;
			buildActionMask = 2147483647;
			files = (
			);
			runOnlyForDeploymentPostprocessing = 0;
		};
/* End PBXResourcesBuildPhase section */

/* Begin PBXSourcesBuildPhase section */
		286902E11C137407000AC996 /* Sources */ = {
			isa = PBXSourcesBuildPhase;
			buildActionMask = 2147483647;
			files = (
				286902EB1C137407000AC996 /* ViewController.swift in Sources */,
				286902E91C137407000AC996 /* AppDelegate.swift in Sources */,
			);
			runOnlyForDeploymentPostprocessing = 0;
		};
		286902F51C137407000AC996 /* Sources */ = {
			isa = PBXSourcesBuildPhase;
			buildActionMask = 2147483647;
			files = (
				286902FE1C137407000AC996 /* MyCalculatorTests.swift in Sources */,
			);
			runOnlyForDeploymentPostprocessing = 0;
		};
		286903001C137407000AC996 /* Sources */ = {
			isa = PBXSourcesBuildPhase;
			buildActionMask = 2147483647;
			files = (
				286903091C137407000AC996 /* MyCalculatorUITests.swift in Sources */,
			);
			runOnlyForDeploymentPostprocessing = 0;
		};
/* End PBXSourcesBuildPhase section */

/* Begin PBXTargetDependency section */
		286902FB1C137407000AC996 /* PBXTargetDependency */ = {
			isa = PBXTargetDependency;
			target = 286902E41C137407000AC996 /* MyCalculator */;
			targetProxy = 286902FA1C137407000AC996 /* PBXContainerItemProxy */;
		};
		286903061C137407000AC996 /* PBXTargetDependency */ = {
			isa = PBXTargetDependency;
			target = 286902E41C137407000AC996 /* MyCalculator */;
			targetProxy = 286903051C137407000AC996 /* PBXContainerItemProxy */;
		};
/* End PBXTargetDependency section */

/* Begin PBXVariantGroup section */
		286902EC1C137407000AC996 /* Main.storyboard */ = {
			isa = PBXVariantGroup;
			children = (
				286902ED1C137407000AC996 /* Base */,
			);
			name = Main.storyboard;
			sourceTree = "<group>";
		};
		286902F11C137407000AC996 /* LaunchScreen.storyboard */ = {
			isa = PBXVariantGroup;
			children = (
				286902F21C137407000AC996 /* Base */,
			);
			name = LaunchScreen.storyboard;
			sourceTree = "<group>";
		};
/* End PBXVariantGroup section */

/* Begin XCBuildConfiguration section */
		2869030B1C137407000AC996 /* Debug */ = {
			isa = XCBuildConfiguration;
			buildSettings = {
				ALWAYS_SEARCH_USER_PATHS = NO;
				CLANG_CXX_LANGUAGE_STANDARD = "gnu++0x";
				CLANG_CXX_LIBRARY = "libc++";
				CLANG_ENABLE_MODULES = YES;
				CLANG_ENABLE_OBJC_ARC = YES;
				CLANG_WARN_BOOL_CONVERSION = YES;
				CLANG_WARN_CONSTANT_CONVERSION = YES;
				CLANG_WARN_DIRECT_OBJC_ISA_USAGE = YES_ERROR;
				CLANG_WARN_EMPTY_BODY = YES;
				CLANG_WARN_ENUM_CONVERSION = YES;
				CLANG_WARN_INT_CONVERSION = YES;
				CLANG_WARN_OBJC_ROOT_CLASS = YES_ERROR;
				CLANG_WARN_UNREACHABLE_CODE = YES;
				CLANG_WARN__DUPLICATE_METHOD_MATCH = YES;
				"CODE_SIGN_IDENTITY[sdk=iphoneos*]" = "iPhone Developer";
				COPY_PHASE_STRIP = NO;
				DEBUG_INFORMATION_FORMAT = dwarf;
				ENABLE_STRICT_OBJC_MSGSEND = YES;
				ENABLE_TESTABILITY = YES;
				GCC_C_LANGUAGE_STANDARD = gnu99;
				GCC_DYNAMIC_NO_PIC = NO;
				GCC_NO_COMMON_BLOCKS = YES;
				GCC_OPTIMIZATION_LEVEL = 0;
				GCC_PREPROCESSOR_DEFINITIONS = (
					"DEBUG=1",
					"$(inherited)",
				);
				GCC_WARN_64_TO_32_BIT_CONVERSION = YES;
				GCC_WARN_ABOUT_RETURN_TYPE = YES_ERROR;
				GCC_WARN_UNDECLARED_SELECTOR = YES;
				GCC_WARN_UNINITIALIZED_AUTOS = YES_AGGRESSIVE;
				GCC_WARN_UNUSED_FUNCTION = YES;
				GCC_WARN_UNUSED_VARIABLE = YES;
				IPHONEOS_DEPLOYMENT_TARGET = 9.1;
				MTL_ENABLE_DEBUG_INFO = YES;
				ONLY_ACTIVE_ARCH = YES;
				SDKROOT = iphoneos;
				SWIFT_OPTIMIZATION_LEVEL = "-Onone";
			};
			name = Debug;
		};
		2869030C1C137407000AC996 /* Release */ = {
			isa = XCBuildConfiguration;
			buildSettings = {
				ALWAYS_SEARCH_USER_PATHS = NO;
				CLANG_CXX_LANGUAGE_STANDARD = "gnu++0x";
				CLANG_CXX_LIBRARY = "libc++";
				CLANG_ENABLE_MODULES = YES;
				CLANG_ENABLE_OBJC_ARC = YES;
				CLANG_WARN_BOOL_CONVERSION = YES;
				CLANG_WARN_CONSTANT_CONVERSION = YES;
				CLANG_WARN_DIRECT_OBJC_ISA_USAGE = YES_ERROR;
				CLANG_WARN_EMPTY_BODY = YES;
				CLANG_WARN_ENUM_CONVERSION = YES;
				CLANG_WARN_INT_CONVERSION = YES;
				CLANG_WARN_OBJC_ROOT_CLASS = YES_ERROR;
				CLANG_WARN_UNREACHABLE_CODE = YES;
				CLANG_WARN__DUPLICATE_METHOD_MATCH = YES;
				"CODE_SIGN_IDENTITY[sdk=iphoneos*]" = "iPhone Developer";
				COPY_PHASE_STRIP = NO;
				DEBUG_INFORMATION_FORMAT = "dwarf-with-dsym";
				ENABLE_NS_ASSERTIONS = NO;
				ENABLE_STRICT_OBJC_MSGSEND = YES;
				GCC_C_LANGUAGE_STANDARD = gnu99;
				GCC_NO_COMMON_BLOCKS = YES;
				GCC_WARN_64_TO_32_BIT_CONVERSION = YES;
				GCC_WARN_ABOUT_RETURN_TYPE = YES_ERROR;
				GCC_WARN_UNDECLARED_SELECTOR = YES;
				GCC_WARN_UNINITIALIZED_AUTOS = YES_AGGRESSIVE;
				GCC_WARN_UNUSED_FUNCTION = YES;
				GCC_WARN_UNUSED_VARIABLE = YES;
				IPHONEOS_DEPLOYMENT_TARGET = 9.1;
				MTL_ENABLE_DEBUG_INFO = NO;
				SDKROOT = iphoneos;
				VALIDATE_PRODUCT = YES;
			};
			name = Release;
		};
		2869030E1C137407000AC996 /* Debug */ = {
			isa = XCBuildConfiguration;
			buildSettings = {
				ASSETCATALOG_COMPILER_APPICON_NAME = AppIcon;
				INFOPLIST_FILE = MyCalculator/Info.plist;
				LD_RUNPATH_SEARCH_PATHS = "$(inherited) @executable_path/Frameworks";
				PRODUCT_BUNDLE_IDENTIFIER = com.chumioin.MyCalculator;
				PRODUCT_NAME = "$(TARGET_NAME)";
			};
			name = Debug;
		};
		2869030F1C137407000AC996 /* Release */ = {
			isa = XCBuildConfiguration;
			buildSettings = {
				ASSETCATALOG_COMPILER_APPICON_NAME = AppIcon;
				INFOPLIST_FILE = MyCalculator/Info.plist;
				LD_RUNPATH_SEARCH_PATHS = "$(inherited) @executable_path/Frameworks";
				PRODUCT_BUNDLE_IDENTIFIER = com.chumioin.MyCalculator;
				PRODUCT_NAME = "$(TARGET_NAME)";
			};
			name = Release;
		};
		286903111C137407000AC996 /* Debug */ = {
			isa = XCBuildConfiguration;
			buildSettings = {
				BUNDLE_LOADER = "$(TEST_HOST)";
				INFOPLIST_FILE = MyCalculatorTests/Info.plist;
				LD_RUNPATH_SEARCH_PATHS = "$(inherited) @executable_path/Frameworks @loader_path/Frameworks";
				PRODUCT_BUNDLE_IDENTIFIER = com.chumioin.MyCalculatorTests;
				PRODUCT_NAME = "$(TARGET_NAME)";
				TEST_HOST = "$(BUILT_PRODUCTS_DIR)/MyCalculator.app/MyCalculator";
			};
			name = Debug;
		};
		286903121C137407000AC996 /* Release */ = {
			isa = XCBuildConfiguration;
			buildSettings = {
				BUNDLE_LOADER = "$(TEST_HOST)";
				INFOPLIST_FILE = MyCalculatorTests/Info.plist;
				LD_RUNPATH_SEARCH_PATHS = "$(inherited) @executable_path/Frameworks @loader_path/Frameworks";
				PRODUCT_BUNDLE_IDENTIFIER = com.chumioin.MyCalculatorTests;
				PRODUCT_NAME = "$(TARGET_NAME)";
				TEST_HOST = "$(BUILT_PRODUCTS_DIR)/MyCalculator.app/MyCalculator";
			};
			name = Release;
		};
		286903141C137407000AC996 /* Debug */ = {
			isa = XCBuildConfiguration;
			buildSettings = {
				INFOPLIST_FILE = MyCalculatorUITests/Info.plist;
				LD_RUNPATH_SEARCH_PATHS = "$(inherited) @executable_path/Frameworks @loader_path/Frameworks";
				PRODUCT_BUNDLE_IDENTIFIER = com.chumioin.MyCalculatorUITests;
				PRODUCT_NAME = "$(TARGET_NAME)";
				TEST_TARGET_NAME = MyCalculator;
				USES_XCTRUNNER = YES;
			};
			name = Debug;
		};
		286903151C137407000AC996 /* Release */ = {
			isa = XCBuildConfiguration;
			buildSettings = {
				INFOPLIST_FILE = MyCalculatorUITests/Info.plist;
				LD_RUNPATH_SEARCH_PATHS = "$(inherited) @executable_path/Frameworks @loader_path/Frameworks";
				PRODUCT_BUNDLE_IDENTIFIER = com.chumioin.MyCalculatorUITests;
				PRODUCT_NAME = "$(TARGET_NAME)";
				TEST_TARGET_NAME = MyCalculator;
				USES_XCTRUNNER = YES;
			};
			name = Release;
		};
/* End XCBuildConfiguration section */

/* Begin XCConfigurationList section */
		286902E01C137407000AC996 /* Build configuration list for PBXProject "MyCalculator" */ = {
			isa = XCConfigurationList;
			buildConfigurations = (
				2869030B1C137407000AC996 /* Debug */,
				2869030C1C137407000AC996 /* Release */,
			);
			defaultConfigurationIsVisible = 0;
			defaultConfigurationName = Release;
		};
		2869030D1C137407000AC996 /* Build configuration list for PBXNativeTarget "MyCalculator" */ = {
			isa = XCConfigurationList;
			buildConfigurations = (
				2869030E1C137407000AC996 /* Debug */,
				2869030F1C137407000AC996 /* Release */,
			);
			defaultConfigurationIsVisible = 0;
		};
		286903101C137407000AC996 /* Build configuration list for PBXNativeTarget "MyCalculatorTests" */ = {
			isa = XCConfigurationList;
			buildConfigurations = (
				286903111C137407000AC996 /* Debug */,
				286903121C137407000AC996 /* Release */,
			);
			defaultConfigurationIsVisible = 0;
		};
		286903131C137407000AC996 /* Build configuration list for PBXNativeTarget "MyCalculatorUITests" */ = {
			isa = XCConfigurationList;
			buildConfigurations = (
				286903141C137407000AC996 /* Debug */,
				286903151C137407000AC996 /* Release */,
			);
			defaultConfigurationIsVisible = 0;
		};
/* End XCConfigurationList section */
	};
	rootObject = 286902DD1C137407000AC996 /* Project object */;
}
