// !$*UTF8*$!
{
	archiveVersion = 1;
	classes = {
	};
	objectVersion = 46;
	objects = {

/* Begin PBXBuildFile section */
		288349861C0C582F002B69AC /* AppDelegate.swift in Sources */ = {isa = PBXBuildFile; fileRef = 288349851C0C582F002B69AC /* AppDelegate.swift */; };
		288349881C0C582F002B69AC /* ViewController.swift in Sources */ = {isa = PBXBuildFile; fileRef = 288349871C0C582F002B69AC /* ViewController.swift */; };
		2883498B1C0C582F002B69AC /* Main.storyboard in Resources */ = {isa = PBXBuildFile; fileRef = 288349891C0C582F002B69AC /* Main.storyboard */; };
		2883498D1C0C582F002B69AC /* Assets.xcassets in Resources */ = {isa = PBXBuildFile; fileRef = 2883498C1C0C582F002B69AC /* Assets.xcassets */; };
		288349901C0C582F002B69AC /* LaunchScreen.storyboard in Resources */ = {isa = PBXBuildFile; fileRef = 2883498E1C0C582F002B69AC /* LaunchScreen.storyboard */; };
		2883499B1C0C582F002B69AC /* MoreClasesTests.swift in Sources */ = {isa = PBXBuildFile; fileRef = 2883499A1C0C582F002B69AC /* MoreClasesTests.swift */; };
		288349A61C0C582F002B69AC /* MoreClasesUITests.swift in Sources */ = {isa = PBXBuildFile; fileRef = 288349A51C0C582F002B69AC /* MoreClasesUITests.swift */; };
/* End PBXBuildFile section */

/* Begin PBXContainerItemProxy section */
		288349971C0C582F002B69AC /* PBXContainerItemProxy */ = {
			isa = PBXContainerItemProxy;
			containerPortal = 2883497A1C0C582F002B69AC /* Project object */;
			proxyType = 1;
			remoteGlobalIDString = 288349811C0C582F002B69AC;
			remoteInfo = MoreClases;
		};
		288349A21C0C582F002B69AC /* PBXContainerItemProxy */ = {
			isa = PBXContainerItemProxy;
			containerPortal = 2883497A1C0C582F002B69AC /* Project object */;
			proxyType = 1;
			remoteGlobalIDString = 288349811C0C582F002B69AC;
			remoteInfo = MoreClases;
		};
/* End PBXContainerItemProxy section */

/* Begin PBXFileReference section */
		288349821C0C582F002B69AC /* MoreClases.app */ = {isa = PBXFileReference; explicitFileType = wrapper.application; includeInIndex = 0; path = MoreClases.app; sourceTree = BUILT_PRODUCTS_DIR; };
		288349851C0C582F002B69AC /* AppDelegate.swift */ = {isa = PBXFileReference; lastKnownFileType = sourcecode.swift; path = AppDelegate.swift; sourceTree = "<group>"; };
		288349871C0C582F002B69AC /* ViewController.swift */ = {isa = PBXFileReference; lastKnownFileType = sourcecode.swift; path = ViewController.swift; sourceTree = "<group>"; };
		2883498A1C0C582F002B69AC /* Base */ = {isa = PBXFileReference; lastKnownFileType = file.storyboard; name = Base; path = Base.lproj/Main.storyboard; sourceTree = "<group>"; };
		2883498C1C0C582F002B69AC /* Assets.xcassets */ = {isa = PBXFileReference; lastKnownFileType = folder.assetcatalog; path = Assets.xcassets; sourceTree = "<group>"; };
		2883498F1C0C582F002B69AC /* Base */ = {isa = PBXFileReference; lastKnownFileType = file.storyboard; name = Base; path = Base.lproj/LaunchScreen.storyboard; sourceTree = "<group>"; };
		288349911C0C582F002B69AC /* Info.plist */ = {isa = PBXFileReference; lastKnownFileType = text.plist.xml; path = Info.plist; sourceTree = "<group>"; };
		288349961C0C582F002B69AC /* MoreClasesTests.xctest */ = {isa = PBXFileReference; explicitFileType = wrapper.cfbundle; includeInIndex = 0; path = MoreClasesTests.xctest; sourceTree = BUILT_PRODUCTS_DIR; };
		2883499A1C0C582F002B69AC /* MoreClasesTests.swift */ = {isa = PBXFileReference; lastKnownFileType = sourcecode.swift; path = MoreClasesTests.swift; sourceTree = "<group>"; };
		2883499C1C0C582F002B69AC /* Info.plist */ = {isa = PBXFileReference; lastKnownFileType = text.plist.xml; path = Info.plist; sourceTree = "<group>"; };
		288349A11C0C582F002B69AC /* MoreClasesUITests.xctest */ = {isa = PBXFileReference; explicitFileType = wrapper.cfbundle; includeInIndex = 0; path = MoreClasesUITests.xctest; sourceTree = BUILT_PRODUCTS_DIR; };
		288349A51C0C582F002B69AC /* MoreClasesUITests.swift */ = {isa = PBXFileReference; lastKnownFileType = sourcecode.swift; path = MoreClasesUITests.swift; sourceTree = "<group>"; };
		288349A71C0C582F002B69AC /* Info.plist */ = {isa = PBXFileReference; lastKnownFileType = text.plist.xml; path = Info.plist; sourceTree = "<group>"; };
/* End PBXFileReference section */

/* Begin PBXFrameworksBuildPhase section */
		2883497F1C0C582F002B69AC /* Frameworks */ = {
			isa = PBXFrameworksBuildPhase;
			buildActionMask = 2147483647;
			files = (
			);
			runOnlyForDeploymentPostprocessing = 0;
		};
		288349931C0C582F002B69AC /* Frameworks */ = {
			isa = PBXFrameworksBuildPhase;
			buildActionMask = 2147483647;
			files = (
			);
			runOnlyForDeploymentPostprocessing = 0;
		};
		2883499E1C0C582F002B69AC /* Frameworks */ = {
			isa = PBXFrameworksBuildPhase;
			buildActionMask = 2147483647;
			files = (
			);
			runOnlyForDeploymentPostprocessing = 0;
		};
/* End PBXFrameworksBuildPhase section */

/* Begin PBXGroup section */
		288349791C0C582F002B69AC = {
			isa = PBXGroup;
			children = (
				288349841C0C582F002B69AC /* MoreClases */,
				288349991C0C582F002B69AC /* MoreClasesTests */,
				288349A41C0C582F002B69AC /* MoreClasesUITests */,
				288349831C0C582F002B69AC /* Products */,
			);
			sourceTree = "<group>";
		};
		288349831C0C582F002B69AC /* Products */ = {
			isa = PBXGroup;
			children = (
				288349821C0C582F002B69AC /* MoreClases.app */,
				288349961C0C582F002B69AC /* MoreClasesTests.xctest */,
				288349A11C0C582F002B69AC /* MoreClasesUITests.xctest */,
			);
			name = Products;
			sourceTree = "<group>";
		};
		288349841C0C582F002B69AC /* MoreClases */ = {
			isa = PBXGroup;
			children = (
				288349851C0C582F002B69AC /* AppDelegate.swift */,
				288349871C0C582F002B69AC /* ViewController.swift */,
				288349891C0C582F002B69AC /* Main.storyboard */,
				2883498C1C0C582F002B69AC /* Assets.xcassets */,
				2883498E1C0C582F002B69AC /* LaunchScreen.storyboard */,
				288349911C0C582F002B69AC /* Info.plist */,
			);
			path = MoreClases;
			sourceTree = "<group>";
		};
		288349991C0C582F002B69AC /* MoreClasesTests */ = {
			isa = PBXGroup;
			children = (
				2883499A1C0C582F002B69AC /* MoreClasesTests.swift */,
				2883499C1C0C582F002B69AC /* Info.plist */,
			);
			path = MoreClasesTests;
			sourceTree = "<group>";
		};
		288349A41C0C582F002B69AC /* MoreClasesUITests */ = {
			isa = PBXGroup;
			children = (
				288349A51C0C582F002B69AC /* MoreClasesUITests.swift */,
				288349A71C0C582F002B69AC /* Info.plist */,
			);
			path = MoreClasesUITests;
			sourceTree = "<group>";
		};
/* End PBXGroup section */

/* Begin PBXNativeTarget section */
		288349811C0C582F002B69AC /* MoreClases */ = {
			isa = PBXNativeTarget;
			buildConfigurationList = 288349AA1C0C582F002B69AC /* Build configuration list for PBXNativeTarget "MoreClases" */;
			buildPhases = (
				2883497E1C0C582F002B69AC /* Sources */,
				2883497F1C0C582F002B69AC /* Frameworks */,
				288349801C0C582F002B69AC /* Resources */,
			);
			buildRules = (
			);
			dependencies = (
			);
			name = MoreClases;
			productName = MoreClases;
			productReference = 288349821C0C582F002B69AC /* MoreClases.app */;
			productType = "com.apple.product-type.application";
		};
		288349951C0C582F002B69AC /* MoreClasesTests */ = {
			isa = PBXNativeTarget;
			buildConfigurationList = 288349AD1C0C582F002B69AC /* Build configuration list for PBXNativeTarget "MoreClasesTests" */;
			buildPhases = (
				288349921C0C582F002B69AC /* Sources */,
				288349931C0C582F002B69AC /* Frameworks */,
				288349941C0C582F002B69AC /* Resources */,
			);
			buildRules = (
			);
			dependencies = (
				288349981C0C582F002B69AC /* PBXTargetDependency */,
			);
			name = MoreClasesTests;
			productName = MoreClasesTests;
			productReference = 288349961C0C582F002B69AC /* MoreClasesTests.xctest */;
			productType = "com.apple.product-type.bundle.unit-test";
		};
		288349A01C0C582F002B69AC /* MoreClasesUITests */ = {
			isa = PBXNativeTarget;
			buildConfigurationList = 288349B01C0C582F002B69AC /* Build configuration list for PBXNativeTarget "MoreClasesUITests" */;
			buildPhases = (
				2883499D1C0C582F002B69AC /* Sources */,
				2883499E1C0C582F002B69AC /* Frameworks */,
				2883499F1C0C582F002B69AC /* Resources */,
			);
			buildRules = (
			);
			dependencies = (
				288349A31C0C582F002B69AC /* PBXTargetDependency */,
			);
			name = MoreClasesUITests;
			productName = MoreClasesUITests;
			productReference = 288349A11C0C582F002B69AC /* MoreClasesUITests.xctest */;
			productType = "com.apple.product-type.bundle.ui-testing";
		};
/* End PBXNativeTarget section */

/* Begin PBXProject section */
		2883497A1C0C582F002B69AC /* Project object */ = {
			isa = PBXProject;
			attributes = {
				LastSwiftUpdateCheck = 0710;
				LastUpgradeCheck = 0710;
				ORGANIZATIONNAME = chumio.inc;
				TargetAttributes = {
					288349811C0C582F002B69AC = {
						CreatedOnToolsVersion = 7.1;
					};
					288349951C0C582F002B69AC = {
						CreatedOnToolsVersion = 7.1;
						TestTargetID = 288349811C0C582F002B69AC;
					};
					288349A01C0C582F002B69AC = {
						CreatedOnToolsVersion = 7.1;
						TestTargetID = 288349811C0C582F002B69AC;
					};
				};
			};
			buildConfigurationList = 2883497D1C0C582F002B69AC /* Build configuration list for PBXProject "MoreClases" */;
			compatibilityVersion = "Xcode 3.2";
			developmentRegion = English;
			hasScannedForEncodings = 0;
			knownRegions = (
				en,
				Base,
			);
			mainGroup = 288349791C0C582F002B69AC;
			productRefGroup = 288349831C0C582F002B69AC /* Products */;
			projectDirPath = "";
			projectRoot = "";
			targets = (
				288349811C0C582F002B69AC /* MoreClases */,
				288349951C0C582F002B69AC /* MoreClasesTests */,
				288349A01C0C582F002B69AC /* MoreClasesUITests */,
			);
		};
/* End PBXProject section */

/* Begin PBXResourcesBuildPhase section */
		288349801C0C582F002B69AC /* Resources */ = {
			isa = PBXResourcesBuildPhase;
			buildActionMask = 2147483647;
			files = (
				288349901C0C582F002B69AC /* LaunchScreen.storyboard in Resources */,
				2883498D1C0C582F002B69AC /* Assets.xcassets in Resources */,
				2883498B1C0C582F002B69AC /* Main.storyboard in Resources */,
			);
			runOnlyForDeploymentPostprocessing = 0;
		};
		288349941C0C582F002B69AC /* Resources */ = {
			isa = PBXResourcesBuildPhase;
			buildActionMask = 2147483647;
			files = (
			);
			runOnlyForDeploymentPostprocessing = 0;
		};
		2883499F1C0C582F002B69AC /* Resources */ = {
			isa = PBXResourcesBuildPhase;
			buildActionMask = 2147483647;
			files = (
			);
			runOnlyForDeploymentPostprocessing = 0;
		};
/* End PBXResourcesBuildPhase section */

/* Begin PBXSourcesBuildPhase section */
		2883497E1C0C582F002B69AC /* Sources */ = {
			isa = PBXSourcesBuildPhase;
			buildActionMask = 2147483647;
			files = (
				288349881C0C582F002B69AC /* ViewController.swift in Sources */,
				288349861C0C582F002B69AC /* AppDelegate.swift in Sources */,
			);
			runOnlyForDeploymentPostprocessing = 0;
		};
		288349921C0C582F002B69AC /* Sources */ = {
			isa = PBXSourcesBuildPhase;
			buildActionMask = 2147483647;
			files = (
				2883499B1C0C582F002B69AC /* MoreClasesTests.swift in Sources */,
			);
			runOnlyForDeploymentPostprocessing = 0;
		};
		2883499D1C0C582F002B69AC /* Sources */ = {
			isa = PBXSourcesBuildPhase;
			buildActionMask = 2147483647;
			files = (
				288349A61C0C582F002B69AC /* MoreClasesUITests.swift in Sources */,
			);
			runOnlyForDeploymentPostprocessing = 0;
		};
/* End PBXSourcesBuildPhase section */

/* Begin PBXTargetDependency section */
		288349981C0C582F002B69AC /* PBXTargetDependency */ = {
			isa = PBXTargetDependency;
			target = 288349811C0C582F002B69AC /* MoreClases */;
			targetProxy = 288349971C0C582F002B69AC /* PBXContainerItemProxy */;
		};
		288349A31C0C582F002B69AC /* PBXTargetDependency */ = {
			isa = PBXTargetDependency;
			target = 288349811C0C582F002B69AC /* MoreClases */;
			targetProxy = 288349A21C0C582F002B69AC /* PBXContainerItemProxy */;
		};
/* End PBXTargetDependency section */

/* Begin PBXVariantGroup section */
		288349891C0C582F002B69AC /* Main.storyboard */ = {
			isa = PBXVariantGroup;
			children = (
				2883498A1C0C582F002B69AC /* Base */,
			);
			name = Main.storyboard;
			sourceTree = "<group>";
		};
		2883498E1C0C582F002B69AC /* LaunchScreen.storyboard */ = {
			isa = PBXVariantGroup;
			children = (
				2883498F1C0C582F002B69AC /* Base */,
			);
			name = LaunchScreen.storyboard;
			sourceTree = "<group>";
		};
/* End PBXVariantGroup section */

/* Begin XCBuildConfiguration section */
		288349A81C0C582F002B69AC /* Debug */ = {
			isa = XCBuildConfiguration;
			buildSettings = {
				ALWAYS_SEARCH_USER_PATHS = NO;
				CLANG_CXX_LANGUAGE_STANDARD = "gnu++0x";
				CLANG_CXX_LIBRARY = "libc++";
				CLANG_ENABLE_MODULES = YES;
				CLANG_ENABLE_OBJC_ARC = YES;
				CLANG_WARN_BOOL_CONVERSION = YES;
				CLANG_WARN_CONSTANT_CONVERSION = YES;
				CLANG_WARN_DIRECT_OBJC_ISA_USAGE = YES_ERROR;
				CLANG_WARN_EMPTY_BODY = YES;
				CLANG_WARN_ENUM_CONVERSION = YES;
				CLANG_WARN_INT_CONVERSION = YES;
				CLANG_WARN_OBJC_ROOT_CLASS = YES_ERROR;
				CLANG_WARN_UNREACHABLE_CODE = YES;
				CLANG_WARN__DUPLICATE_METHOD_MATCH = YES;
				"CODE_SIGN_IDENTITY[sdk=iphoneos*]" = "iPhone Developer";
				COPY_PHASE_STRIP = NO;
				DEBUG_INFORMATION_FORMAT = dwarf;
				ENABLE_STRICT_OBJC_MSGSEND = YES;
				ENABLE_TESTABILITY = YES;
				GCC_C_LANGUAGE_STANDARD = gnu99;
				GCC_DYNAMIC_NO_PIC = NO;
				GCC_NO_COMMON_BLOCKS = YES;
				GCC_OPTIMIZATION_LEVEL = 0;
				GCC_PREPROCESSOR_DEFINITIONS = (
					"DEBUG=1",
					"$(inherited)",
				);
				GCC_WARN_64_TO_32_BIT_CONVERSION = YES;
				GCC_WARN_ABOUT_RETURN_TYPE = YES_ERROR;
				GCC_WARN_UNDECLARED_SELECTOR = YES;
				GCC_WARN_UNINITIALIZED_AUTOS = YES_AGGRESSIVE;
				GCC_WARN_UNUSED_FUNCTION = YES;
				GCC_WARN_UNUSED_VARIABLE = YES;
				IPHONEOS_DEPLOYMENT_TARGET = 9.1;
				MTL_ENABLE_DEBUG_INFO = YES;
				ONLY_ACTIVE_ARCH = YES;
				SDKROOT = iphoneos;
				SWIFT_OPTIMIZATION_LEVEL = "-Onone";
			};
			name = Debug;
		};
		288349A91C0C582F002B69AC /* Release */ = {
			isa = XCBuildConfiguration;
			buildSettings = {
				ALWAYS_SEARCH_USER_PATHS = NO;
				CLANG_CXX_LANGUAGE_STANDARD = "gnu++0x";
				CLANG_CXX_LIBRARY = "libc++";
				CLANG_ENABLE_MODULES = YES;
				CLANG_ENABLE_OBJC_ARC = YES;
				CLANG_WARN_BOOL_CONVERSION = YES;
				CLANG_WARN_CONSTANT_CONVERSION = YES;
				CLANG_WARN_DIRECT_OBJC_ISA_USAGE = YES_ERROR;
				CLANG_WARN_EMPTY_BODY = YES;
				CLANG_WARN_ENUM_CONVERSION = YES;
				CLANG_WARN_INT_CONVERSION = YES;
				CLANG_WARN_OBJC_ROOT_CLASS = YES_ERROR;
				CLANG_WARN_UNREACHABLE_CODE = YES;
				CLANG_WARN__DUPLICATE_METHOD_MATCH = YES;
				"CODE_SIGN_IDENTITY[sdk=iphoneos*]" = "iPhone Developer";
				COPY_PHASE_STRIP = NO;
				DEBUG_INFORMATION_FORMAT = "dwarf-with-dsym";
				ENABLE_NS_ASSERTIONS = NO;
				ENABLE_STRICT_OBJC_MSGSEND = YES;
				GCC_C_LANGUAGE_STANDARD = gnu99;
				GCC_NO_COMMON_BLOCKS = YES;
				GCC_WARN_64_TO_32_BIT_CONVERSION = YES;
				GCC_WARN_ABOUT_RETURN_TYPE = YES_ERROR;
				GCC_WARN_UNDECLARED_SELECTOR = YES;
				GCC_WARN_UNINITIALIZED_AUTOS = YES_AGGRESSIVE;
				GCC_WARN_UNUSED_FUNCTION = YES;
				GCC_WARN_UNUSED_VARIABLE = YES;
				IPHONEOS_DEPLOYMENT_TARGET = 9.1;
				MTL_ENABLE_DEBUG_INFO = NO;
				SDKROOT = iphoneos;
				VALIDATE_PRODUCT = YES;
			};
			name = Release;
		};
		288349AB1C0C582F002B69AC /* Debug */ = {
			isa = XCBuildConfiguration;
			buildSettings = {
				ASSETCATALOG_COMPILER_APPICON_NAME = AppIcon;
				INFOPLIST_FILE = MoreClases/Info.plist;
				LD_RUNPATH_SEARCH_PATHS = "$(inherited) @executable_path/Frameworks";
				PRODUCT_BUNDLE_IDENTIFIER = com.chumioin.MoreClases;
				PRODUCT_NAME = "$(TARGET_NAME)";
			};
			name = Debug;
		};
		288349AC1C0C582F002B69AC /* Release */ = {
			isa = XCBuildConfiguration;
			buildSettings = {
				ASSETCATALOG_COMPILER_APPICON_NAME = AppIcon;
				INFOPLIST_FILE = MoreClases/Info.plist;
				LD_RUNPATH_SEARCH_PATHS = "$(inherited) @executable_path/Frameworks";
				PRODUCT_BUNDLE_IDENTIFIER = com.chumioin.MoreClases;
				PRODUCT_NAME = "$(TARGET_NAME)";
			};
			name = Release;
		};
		288349AE1C0C582F002B69AC /* Debug */ = {
			isa = XCBuildConfiguration;
			buildSettings = {
				BUNDLE_LOADER = "$(TEST_HOST)";
				INFOPLIST_FILE = MoreClasesTests/Info.plist;
				LD_RUNPATH_SEARCH_PATHS = "$(inherited) @executable_path/Frameworks @loader_path/Frameworks";
				PRODUCT_BUNDLE_IDENTIFIER = com.chumioin.MoreClasesTests;
				PRODUCT_NAME = "$(TARGET_NAME)";
				TEST_HOST = "$(BUILT_PRODUCTS_DIR)/MoreClases.app/MoreClases";
			};
			name = Debug;
		};
		288349AF1C0C582F002B69AC /* Release */ = {
			isa = XCBuildConfiguration;
			buildSettings = {
				BUNDLE_LOADER = "$(TEST_HOST)";
				INFOPLIST_FILE = MoreClasesTests/Info.plist;
				LD_RUNPATH_SEARCH_PATHS = "$(inherited) @executable_path/Frameworks @loader_path/Frameworks";
				PRODUCT_BUNDLE_IDENTIFIER = com.chumioin.MoreClasesTests;
				PRODUCT_NAME = "$(TARGET_NAME)";
				TEST_HOST = "$(BUILT_PRODUCTS_DIR)/MoreClases.app/MoreClases";
			};
			name = Release;
		};
		288349B11C0C582F002B69AC /* Debug */ = {
			isa = XCBuildConfiguration;
			buildSettings = {
				INFOPLIST_FILE = MoreClasesUITests/Info.plist;
				LD_RUNPATH_SEARCH_PATHS = "$(inherited) @executable_path/Frameworks @loader_path/Frameworks";
				PRODUCT_BUNDLE_IDENTIFIER = com.chumioin.MoreClasesUITests;
				PRODUCT_NAME = "$(TARGET_NAME)";
				TEST_TARGET_NAME = MoreClases;
				USES_XCTRUNNER = YES;
			};
			name = Debug;
		};
		288349B21C0C582F002B69AC /* Release */ = {
			isa = XCBuildConfiguration;
			buildSettings = {
				INFOPLIST_FILE = MoreClasesUITests/Info.plist;
				LD_RUNPATH_SEARCH_PATHS = "$(inherited) @executable_path/Frameworks @loader_path/Frameworks";
				PRODUCT_BUNDLE_IDENTIFIER = com.chumioin.MoreClasesUITests;
				PRODUCT_NAME = "$(TARGET_NAME)";
				TEST_TARGET_NAME = MoreClases;
				USES_XCTRUNNER = YES;
			};
			name = Release;
		};
/* End XCBuildConfiguration section */

/* Begin XCConfigurationList section */
		2883497D1C0C582F002B69AC /* Build configuration list for PBXProject "MoreClases" */ = {
			isa = XCConfigurationList;
			buildConfigurations = (
				288349A81C0C582F002B69AC /* Debug */,
				288349A91C0C582F002B69AC /* Release */,
			);
			defaultConfigurationIsVisible = 0;
			defaultConfigurationName = Release;
		};
		288349AA1C0C582F002B69AC /* Build configuration list for PBXNativeTarget "MoreClases" */ = {
			isa = XCConfigurationList;
			buildConfigurations = (
				288349AB1C0C582F002B69AC /* Debug */,
				288349AC1C0C582F002B69AC /* Release */,
			);
			defaultConfigurationIsVisible = 0;
		};
		288349AD1C0C582F002B69AC /* Build configuration list for PBXNativeTarget "MoreClasesTests" */ = {
			isa = XCConfigurationList;
			buildConfigurations = (
				288349AE1C0C582F002B69AC /* Debug */,
				288349AF1C0C582F002B69AC /* Release */,
			);
			defaultConfigurationIsVisible = 0;
		};
		288349B01C0C582F002B69AC /* Build configuration list for PBXNativeTarget "MoreClasesUITests" */ = {
			isa = XCConfigurationList;
			buildConfigurations = (
				288349B11C0C582F002B69AC /* Debug */,
				288349B21C0C582F002B69AC /* Release */,
			);
			defaultConfigurationIsVisible = 0;
		};
/* End XCConfigurationList section */
	};
	rootObject = 2883497A1C0C582F002B69AC /* Project object */;
}
