// !$*UTF8*$!
{
	archiveVersion = 1;
	classes = {
	};
	objectVersion = 46;
	objects = {

/* Begin PBXBuildFile section */
		287FC44F1C242D000007DD76 /* AppDelegate.swift in Sources */ = {isa = PBXBuildFile; fileRef = 287FC44E1C242D000007DD76 /* AppDelegate.swift */; };
		287FC4511C242D000007DD76 /* ViewController.swift in Sources */ = {isa = PBXBuildFile; fileRef = 287FC4501C242D000007DD76 /* ViewController.swift */; };
		287FC4541C242D000007DD76 /* Main.storyboard in Resources */ = {isa = PBXBuildFile; fileRef = 287FC4521C242D000007DD76 /* Main.storyboard */; };
		287FC4561C242D000007DD76 /* Assets.xcassets in Resources */ = {isa = PBXBuildFile; fileRef = 287FC4551C242D000007DD76 /* Assets.xcassets */; };
		287FC4591C242D000007DD76 /* LaunchScreen.storyboard in Resources */ = {isa = PBXBuildFile; fileRef = 287FC4571C242D000007DD76 /* LaunchScreen.storyboard */; };
		287FC4641C242D000007DD76 /* Auto_LayoutTests.swift in Sources */ = {isa = PBXBuildFile; fileRef = 287FC4631C242D000007DD76 /* Auto_LayoutTests.swift */; };
		287FC46F1C242D000007DD76 /* Auto_LayoutUITests.swift in Sources */ = {isa = PBXBuildFile; fileRef = 287FC46E1C242D000007DD76 /* Auto_LayoutUITests.swift */; };
/* End PBXBuildFile section */

/* Begin PBXContainerItemProxy section */
		287FC4601C242D000007DD76 /* PBXContainerItemProxy */ = {
			isa = PBXContainerItemProxy;
			containerPortal = 287FC4431C242D000007DD76 /* Project object */;
			proxyType = 1;
			remoteGlobalIDString = 287FC44A1C242D000007DD76;
			remoteInfo = "Auto Layout";
		};
		287FC46B1C242D000007DD76 /* PBXContainerItemProxy */ = {
			isa = PBXContainerItemProxy;
			containerPortal = 287FC4431C242D000007DD76 /* Project object */;
			proxyType = 1;
			remoteGlobalIDString = 287FC44A1C242D000007DD76;
			remoteInfo = "Auto Layout";
		};
/* End PBXContainerItemProxy section */

/* Begin PBXFileReference section */
		287FC44B1C242D000007DD76 /* Auto Layout.app */ = {isa = PBXFileReference; explicitFileType = wrapper.application; includeInIndex = 0; path = "Auto Layout.app"; sourceTree = BUILT_PRODUCTS_DIR; };
		287FC44E1C242D000007DD76 /* AppDelegate.swift */ = {isa = PBXFileReference; lastKnownFileType = sourcecode.swift; path = AppDelegate.swift; sourceTree = "<group>"; };
		287FC4501C242D000007DD76 /* ViewController.swift */ = {isa = PBXFileReference; lastKnownFileType = sourcecode.swift; path = ViewController.swift; sourceTree = "<group>"; };
		287FC4531C242D000007DD76 /* Base */ = {isa = PBXFileReference; lastKnownFileType = file.storyboard; name = Base; path = Base.lproj/Main.storyboard; sourceTree = "<group>"; };
		287FC4551C242D000007DD76 /* Assets.xcassets */ = {isa = PBXFileReference; lastKnownFileType = folder.assetcatalog; path = Assets.xcassets; sourceTree = "<group>"; };
		287FC4581C242D000007DD76 /* Base */ = {isa = PBXFileReference; lastKnownFileType = file.storyboard; name = Base; path = Base.lproj/LaunchScreen.storyboard; sourceTree = "<group>"; };
		287FC45A1C242D000007DD76 /* Info.plist */ = {isa = PBXFileReference; lastKnownFileType = text.plist.xml; path = Info.plist; sourceTree = "<group>"; };
		287FC45F1C242D000007DD76 /* Auto LayoutTests.xctest */ = {isa = PBXFileReference; explicitFileType = wrapper.cfbundle; includeInIndex = 0; path = "Auto LayoutTests.xctest"; sourceTree = BUILT_PRODUCTS_DIR; };
		287FC4631C242D000007DD76 /* Auto_LayoutTests.swift */ = {isa = PBXFileReference; lastKnownFileType = sourcecode.swift; path = Auto_LayoutTests.swift; sourceTree = "<group>"; };
		287FC4651C242D000007DD76 /* Info.plist */ = {isa = PBXFileReference; lastKnownFileType = text.plist.xml; path = Info.plist; sourceTree = "<group>"; };
		287FC46A1C242D000007DD76 /* Auto LayoutUITests.xctest */ = {isa = PBXFileReference; explicitFileType = wrapper.cfbundle; includeInIndex = 0; path = "Auto LayoutUITests.xctest"; sourceTree = BUILT_PRODUCTS_DIR; };
		287FC46E1C242D000007DD76 /* Auto_LayoutUITests.swift */ = {isa = PBXFileReference; lastKnownFileType = sourcecode.swift; path = Auto_LayoutUITests.swift; sourceTree = "<group>"; };
		287FC4701C242D000007DD76 /* Info.plist */ = {isa = PBXFileReference; lastKnownFileType = text.plist.xml; path = Info.plist; sourceTree = "<group>"; };
/* End PBXFileReference section */

/* Begin PBXFrameworksBuildPhase section */
		287FC4481C242D000007DD76 /* Frameworks */ = {
			isa = PBXFrameworksBuildPhase;
			buildActionMask = 2147483647;
			files = (
			);
			runOnlyForDeploymentPostprocessing = 0;
		};
		287FC45C1C242D000007DD76 /* Frameworks */ = {
			isa = PBXFrameworksBuildPhase;
			buildActionMask = 2147483647;
			files = (
			);
			runOnlyForDeploymentPostprocessing = 0;
		};
		287FC4671C242D000007DD76 /* Frameworks */ = {
			isa = PBXFrameworksBuildPhase;
			buildActionMask = 2147483647;
			files = (
			);
			runOnlyForDeploymentPostprocessing = 0;
		};
/* End PBXFrameworksBuildPhase section */

/* Begin PBXGroup section */
		287FC4421C242D000007DD76 = {
			isa = PBXGroup;
			children = (
				287FC44D1C242D000007DD76 /* Auto Layout */,
				287FC4621C242D000007DD76 /* Auto LayoutTests */,
				287FC46D1C242D000007DD76 /* Auto LayoutUITests */,
				287FC44C1C242D000007DD76 /* Products */,
			);
			sourceTree = "<group>";
		};
		287FC44C1C242D000007DD76 /* Products */ = {
			isa = PBXGroup;
			children = (
				287FC44B1C242D000007DD76 /* Auto Layout.app */,
				287FC45F1C242D000007DD76 /* Auto LayoutTests.xctest */,
				287FC46A1C242D000007DD76 /* Auto LayoutUITests.xctest */,
			);
			name = Products;
			sourceTree = "<group>";
		};
		287FC44D1C242D000007DD76 /* Auto Layout */ = {
			isa = PBXGroup;
			children = (
				287FC44E1C242D000007DD76 /* AppDelegate.swift */,
				287FC4501C242D000007DD76 /* ViewController.swift */,
				287FC4521C242D000007DD76 /* Main.storyboard */,
				287FC4551C242D000007DD76 /* Assets.xcassets */,
				287FC4571C242D000007DD76 /* LaunchScreen.storyboard */,
				287FC45A1C242D000007DD76 /* Info.plist */,
			);
			path = "Auto Layout";
			sourceTree = "<group>";
		};
		287FC4621C242D000007DD76 /* Auto LayoutTests */ = {
			isa = PBXGroup;
			children = (
				287FC4631C242D000007DD76 /* Auto_LayoutTests.swift */,
				287FC4651C242D000007DD76 /* Info.plist */,
			);
			path = "Auto LayoutTests";
			sourceTree = "<group>";
		};
		287FC46D1C242D000007DD76 /* Auto LayoutUITests */ = {
			isa = PBXGroup;
			children = (
				287FC46E1C242D000007DD76 /* Auto_LayoutUITests.swift */,
				287FC4701C242D000007DD76 /* Info.plist */,
			);
			path = "Auto LayoutUITests";
			sourceTree = "<group>";
		};
/* End PBXGroup section */

/* Begin PBXNativeTarget section */
		287FC44A1C242D000007DD76 /* Auto Layout */ = {
			isa = PBXNativeTarget;
			buildConfigurationList = 287FC4731C242D000007DD76 /* Build configuration list for PBXNativeTarget "Auto Layout" */;
			buildPhases = (
				287FC4471C242D000007DD76 /* Sources */,
				287FC4481C242D000007DD76 /* Frameworks */,
				287FC4491C242D000007DD76 /* Resources */,
			);
			buildRules = (
			);
			dependencies = (
			);
			name = "Auto Layout";
			productName = "Auto Layout";
			productReference = 287FC44B1C242D000007DD76 /* Auto Layout.app */;
			productType = "com.apple.product-type.application";
		};
		287FC45E1C242D000007DD76 /* Auto LayoutTests */ = {
			isa = PBXNativeTarget;
			buildConfigurationList = 287FC4761C242D000007DD76 /* Build configuration list for PBXNativeTarget "Auto LayoutTests" */;
			buildPhases = (
				287FC45B1C242D000007DD76 /* Sources */,
				287FC45C1C242D000007DD76 /* Frameworks */,
				287FC45D1C242D000007DD76 /* Resources */,
			);
			buildRules = (
			);
			dependencies = (
				287FC4611C242D000007DD76 /* PBXTargetDependency */,
			);
			name = "Auto LayoutTests";
			productName = "Auto LayoutTests";
			productReference = 287FC45F1C242D000007DD76 /* Auto LayoutTests.xctest */;
			productType = "com.apple.product-type.bundle.unit-test";
		};
		287FC4691C242D000007DD76 /* Auto LayoutUITests */ = {
			isa = PBXNativeTarget;
			buildConfigurationList = 287FC4791C242D000007DD76 /* Build configuration list for PBXNativeTarget "Auto LayoutUITests" */;
			buildPhases = (
				287FC4661C242D000007DD76 /* Sources */,
				287FC4671C242D000007DD76 /* Frameworks */,
				287FC4681C242D000007DD76 /* Resources */,
			);
			buildRules = (
			);
			dependencies = (
				287FC46C1C242D000007DD76 /* PBXTargetDependency */,
			);
			name = "Auto LayoutUITests";
			productName = "Auto LayoutUITests";
			productReference = 287FC46A1C242D000007DD76 /* Auto LayoutUITests.xctest */;
			productType = "com.apple.product-type.bundle.ui-testing";
		};
/* End PBXNativeTarget section */

/* Begin PBXProject section */
		287FC4431C242D000007DD76 /* Project object */ = {
			isa = PBXProject;
			attributes = {
				LastSwiftUpdateCheck = 0710;
				LastUpgradeCheck = 0710;
				ORGANIZATIONNAME = chumio.inc;
				TargetAttributes = {
					287FC44A1C242D000007DD76 = {
						CreatedOnToolsVersion = 7.1.1;
					};
					287FC45E1C242D000007DD76 = {
						CreatedOnToolsVersion = 7.1.1;
						TestTargetID = 287FC44A1C242D000007DD76;
					};
					287FC4691C242D000007DD76 = {
						CreatedOnToolsVersion = 7.1.1;
						TestTargetID = 287FC44A1C242D000007DD76;
					};
				};
			};
			buildConfigurationList = 287FC4461C242D000007DD76 /* Build configuration list for PBXProject "Auto Layout" */;
			compatibilityVersion = "Xcode 3.2";
			developmentRegion = English;
			hasScannedForEncodings = 0;
			knownRegions = (
				en,
				Base,
			);
			mainGroup = 287FC4421C242D000007DD76;
			productRefGroup = 287FC44C1C242D000007DD76 /* Products */;
			projectDirPath = "";
			projectRoot = "";
			targets = (
				287FC44A1C242D000007DD76 /* Auto Layout */,
				287FC45E1C242D000007DD76 /* Auto LayoutTests */,
				287FC4691C242D000007DD76 /* Auto LayoutUITests */,
			);
		};
/* End PBXProject section */

/* Begin PBXResourcesBuildPhase section */
		287FC4491C242D000007DD76 /* Resources */ = {
			isa = PBXResourcesBuildPhase;
			buildActionMask = 2147483647;
			files = (
				287FC4591C242D000007DD76 /* LaunchScreen.storyboard in Resources */,
				287FC4561C242D000007DD76 /* Assets.xcassets in Resources */,
				287FC4541C242D000007DD76 /* Main.storyboard in Resources */,
			);
			runOnlyForDeploymentPostprocessing = 0;
		};
		287FC45D1C242D000007DD76 /* Resources */ = {
			isa = PBXResourcesBuildPhase;
			buildActionMask = 2147483647;
			files = (
			);
			runOnlyForDeploymentPostprocessing = 0;
		};
		287FC4681C242D000007DD76 /* Resources */ = {
			isa = PBXResourcesBuildPhase;
			buildActionMask = 2147483647;
			files = (
			);
			runOnlyForDeploymentPostprocessing = 0;
		};
/* End PBXResourcesBuildPhase section */

/* Begin PBXSourcesBuildPhase section */
		287FC4471C242D000007DD76 /* Sources */ = {
			isa = PBXSourcesBuildPhase;
			buildActionMask = 2147483647;
			files = (
				287FC4511C242D000007DD76 /* ViewController.swift in Sources */,
				287FC44F1C242D000007DD76 /* AppDelegate.swift in Sources */,
			);
			runOnlyForDeploymentPostprocessing = 0;
		};
		287FC45B1C242D000007DD76 /* Sources */ = {
			isa = PBXSourcesBuildPhase;
			buildActionMask = 2147483647;
			files = (
				287FC4641C242D000007DD76 /* Auto_LayoutTests.swift in Sources */,
			);
			runOnlyForDeploymentPostprocessing = 0;
		};
		287FC4661C242D000007DD76 /* Sources */ = {
			isa = PBXSourcesBuildPhase;
			buildActionMask = 2147483647;
			files = (
				287FC46F1C242D000007DD76 /* Auto_LayoutUITests.swift in Sources */,
			);
			runOnlyForDeploymentPostprocessing = 0;
		};
/* End PBXSourcesBuildPhase section */

/* Begin PBXTargetDependency section */
		287FC4611C242D000007DD76 /* PBXTargetDependency */ = {
			isa = PBXTargetDependency;
			target = 287FC44A1C242D000007DD76 /* Auto Layout */;
			targetProxy = 287FC4601C242D000007DD76 /* PBXContainerItemProxy */;
		};
		287FC46C1C242D000007DD76 /* PBXTargetDependency */ = {
			isa = PBXTargetDependency;
			target = 287FC44A1C242D000007DD76 /* Auto Layout */;
			targetProxy = 287FC46B1C242D000007DD76 /* PBXContainerItemProxy */;
		};
/* End PBXTargetDependency section */

/* Begin PBXVariantGroup section */
		287FC4521C242D000007DD76 /* Main.storyboard */ = {
			isa = PBXVariantGroup;
			children = (
				287FC4531C242D000007DD76 /* Base */,
			);
			name = Main.storyboard;
			sourceTree = "<group>";
		};
		287FC4571C242D000007DD76 /* LaunchScreen.storyboard */ = {
			isa = PBXVariantGroup;
			children = (
				287FC4581C242D000007DD76 /* Base */,
			);
			name = LaunchScreen.storyboard;
			sourceTree = "<group>";
		};
/* End PBXVariantGroup section */

/* Begin XCBuildConfiguration section */
		287FC4711C242D000007DD76 /* Debug */ = {
			isa = XCBuildConfiguration;
			buildSettings = {
				ALWAYS_SEARCH_USER_PATHS = NO;
				CLANG_CXX_LANGUAGE_STANDARD = "gnu++0x";
				CLANG_CXX_LIBRARY = "libc++";
				CLANG_ENABLE_MODULES = YES;
				CLANG_ENABLE_OBJC_ARC = YES;
				CLANG_WARN_BOOL_CONVERSION = YES;
				CLANG_WARN_CONSTANT_CONVERSION = YES;
				CLANG_WARN_DIRECT_OBJC_ISA_USAGE = YES_ERROR;
				CLANG_WARN_EMPTY_BODY = YES;
				CLANG_WARN_ENUM_CONVERSION = YES;
				CLANG_WARN_INT_CONVERSION = YES;
				CLANG_WARN_OBJC_ROOT_CLASS = YES_ERROR;
				CLANG_WARN_UNREACHABLE_CODE = YES;
				CLANG_WARN__DUPLICATE_METHOD_MATCH = YES;
				"CODE_SIGN_IDENTITY[sdk=iphoneos*]" = "iPhone Developer";
				COPY_PHASE_STRIP = NO;
				DEBUG_INFORMATION_FORMAT = dwarf;
				ENABLE_STRICT_OBJC_MSGSEND = YES;
				ENABLE_TESTABILITY = YES;
				GCC_C_LANGUAGE_STANDARD = gnu99;
				GCC_DYNAMIC_NO_PIC = NO;
				GCC_NO_COMMON_BLOCKS = YES;
				GCC_OPTIMIZATION_LEVEL = 0;
				GCC_PREPROCESSOR_DEFINITIONS = (
					"DEBUG=1",
					"$(inherited)",
				);
				GCC_WARN_64_TO_32_BIT_CONVERSION = YES;
				GCC_WARN_ABOUT_RETURN_TYPE = YES_ERROR;
				GCC_WARN_UNDECLARED_SELECTOR = YES;
				GCC_WARN_UNINITIALIZED_AUTOS = YES_AGGRESSIVE;
				GCC_WARN_UNUSED_FUNCTION = YES;
				GCC_WARN_UNUSED_VARIABLE = YES;
				IPHONEOS_DEPLOYMENT_TARGET = 9.1;
				MTL_ENABLE_DEBUG_INFO = YES;
				ONLY_ACTIVE_ARCH = YES;
				SDKROOT = iphoneos;
				SWIFT_OPTIMIZATION_LEVEL = "-Onone";
			};
			name = Debug;
		};
		287FC4721C242D000007DD76 /* Release */ = {
			isa = XCBuildConfiguration;
			buildSettings = {
				ALWAYS_SEARCH_USER_PATHS = NO;
				CLANG_CXX_LANGUAGE_STANDARD = "gnu++0x";
				CLANG_CXX_LIBRARY = "libc++";
				CLANG_ENABLE_MODULES = YES;
				CLANG_ENABLE_OBJC_ARC = YES;
				CLANG_WARN_BOOL_CONVERSION = YES;
				CLANG_WARN_CONSTANT_CONVERSION = YES;
				CLANG_WARN_DIRECT_OBJC_ISA_USAGE = YES_ERROR;
				CLANG_WARN_EMPTY_BODY = YES;
				CLANG_WARN_ENUM_CONVERSION = YES;
				CLANG_WARN_INT_CONVERSION = YES;
				CLANG_WARN_OBJC_ROOT_CLASS = YES_ERROR;
				CLANG_WARN_UNREACHABLE_CODE = YES;
				CLANG_WARN__DUPLICATE_METHOD_MATCH = YES;
				"CODE_SIGN_IDENTITY[sdk=iphoneos*]" = "iPhone Developer";
				COPY_PHASE_STRIP = NO;
				DEBUG_INFORMATION_FORMAT = "dwarf-with-dsym";
				ENABLE_NS_ASSERTIONS = NO;
				ENABLE_STRICT_OBJC_MSGSEND = YES;
				GCC_C_LANGUAGE_STANDARD = gnu99;
				GCC_NO_COMMON_BLOCKS = YES;
				GCC_WARN_64_TO_32_BIT_CONVERSION = YES;
				GCC_WARN_ABOUT_RETURN_TYPE = YES_ERROR;
				GCC_WARN_UNDECLARED_SELECTOR = YES;
				GCC_WARN_UNINITIALIZED_AUTOS = YES_AGGRESSIVE;
				GCC_WARN_UNUSED_FUNCTION = YES;
				GCC_WARN_UNUSED_VARIABLE = YES;
				IPHONEOS_DEPLOYMENT_TARGET = 9.1;
				MTL_ENABLE_DEBUG_INFO = NO;
				SDKROOT = iphoneos;
				VALIDATE_PRODUCT = YES;
			};
			name = Release;
		};
		287FC4741C242D000007DD76 /* Debug */ = {
			isa = XCBuildConfiguration;
			buildSettings = {
				ASSETCATALOG_COMPILER_APPICON_NAME = AppIcon;
				INFOPLIST_FILE = "Auto Layout/Info.plist";
				LD_RUNPATH_SEARCH_PATHS = "$(inherited) @executable_path/Frameworks";
				PRODUCT_BUNDLE_IDENTIFIER = "com.chumioin.Auto-Layout";
				PRODUCT_NAME = "$(TARGET_NAME)";
			};
			name = Debug;
		};
		287FC4751C242D000007DD76 /* Release */ = {
			isa = XCBuildConfiguration;
			buildSettings = {
				ASSETCATALOG_COMPILER_APPICON_NAME = AppIcon;
				INFOPLIST_FILE = "Auto Layout/Info.plist";
				LD_RUNPATH_SEARCH_PATHS = "$(inherited) @executable_path/Frameworks";
				PRODUCT_BUNDLE_IDENTIFIER = "com.chumioin.Auto-Layout";
				PRODUCT_NAME = "$(TARGET_NAME)";
			};
			name = Release;
		};
		287FC4771C242D000007DD76 /* Debug */ = {
			isa = XCBuildConfiguration;
			buildSettings = {
				BUNDLE_LOADER = "$(TEST_HOST)";
				INFOPLIST_FILE = "Auto LayoutTests/Info.plist";
				LD_RUNPATH_SEARCH_PATHS = "$(inherited) @executable_path/Frameworks @loader_path/Frameworks";
				PRODUCT_BUNDLE_IDENTIFIER = "com.chumioin.Auto-LayoutTests";
				PRODUCT_NAME = "$(TARGET_NAME)";
				TEST_HOST = "$(BUILT_PRODUCTS_DIR)/Auto Layout.app/Auto Layout";
			};
			name = Debug;
		};
		287FC4781C242D000007DD76 /* Release */ = {
			isa = XCBuildConfiguration;
			buildSettings = {
				BUNDLE_LOADER = "$(TEST_HOST)";
				INFOPLIST_FILE = "Auto LayoutTests/Info.plist";
				LD_RUNPATH_SEARCH_PATHS = "$(inherited) @executable_path/Frameworks @loader_path/Frameworks";
				PRODUCT_BUNDLE_IDENTIFIER = "com.chumioin.Auto-LayoutTests";
				PRODUCT_NAME = "$(TARGET_NAME)";
				TEST_HOST = "$(BUILT_PRODUCTS_DIR)/Auto Layout.app/Auto Layout";
			};
			name = Release;
		};
		287FC47A1C242D000007DD76 /* Debug */ = {
			isa = XCBuildConfiguration;
			buildSettings = {
				INFOPLIST_FILE = "Auto LayoutUITests/Info.plist";
				LD_RUNPATH_SEARCH_PATHS = "$(inherited) @executable_path/Frameworks @loader_path/Frameworks";
				PRODUCT_BUNDLE_IDENTIFIER = "com.chumioin.Auto-LayoutUITests";
				PRODUCT_NAME = "$(TARGET_NAME)";
				TEST_TARGET_NAME = "Auto Layout";
				USES_XCTRUNNER = YES;
			};
			name = Debug;
		};
		287FC47B1C242D000007DD76 /* Release */ = {
			isa = XCBuildConfiguration;
			buildSettings = {
				INFOPLIST_FILE = "Auto LayoutUITests/Info.plist";
				LD_RUNPATH_SEARCH_PATHS = "$(inherited) @executable_path/Frameworks @loader_path/Frameworks";
				PRODUCT_BUNDLE_IDENTIFIER = "com.chumioin.Auto-LayoutUITests";
				PRODUCT_NAME = "$(TARGET_NAME)";
				TEST_TARGET_NAME = "Auto Layout";
				USES_XCTRUNNER = YES;
			};
			name = Release;
		};
/* End XCBuildConfiguration section */

/* Begin XCConfigurationList section */
		287FC4461C242D000007DD76 /* Build configuration list for PBXProject "Auto Layout" */ = {
			isa = XCConfigurationList;
			buildConfigurations = (
				287FC4711C242D000007DD76 /* Debug */,
				287FC4721C242D000007DD76 /* Release */,
			);
			defaultConfigurationIsVisible = 0;
			defaultConfigurationName = Release;
		};
		287FC4731C242D000007DD76 /* Build configuration list for PBXNativeTarget "Auto Layout" */ = {
			isa = XCConfigurationList;
			buildConfigurations = (
				287FC4741C242D000007DD76 /* Debug */,
				287FC4751C242D000007DD76 /* Release */,
			);
			defaultConfigurationIsVisible = 0;
		};
		287FC4761C242D000007DD76 /* Build configuration list for PBXNativeTarget "Auto LayoutTests" */ = {
			isa = XCConfigurationList;
			buildConfigurations = (
				287FC4771C242D000007DD76 /* Debug */,
				287FC4781C242D000007DD76 /* Release */,
			);
			defaultConfigurationIsVisible = 0;
		};
		287FC4791C242D000007DD76 /* Build configuration list for PBXNativeTarget "Auto LayoutUITests" */ = {
			isa = XCConfigurationList;
			buildConfigurations = (
				287FC47A1C242D000007DD76 /* Debug */,
				287FC47B1C242D000007DD76 /* Release */,
			);
			defaultConfigurationIsVisible = 0;
		};
/* End XCConfigurationList section */
	};
	rootObject = 287FC4431C242D000007DD76 /* Project object */;
}
