// !$*UTF8*$!
{
	archiveVersion = 1;
	classes = {
	};
	objectVersion = 46;
	objects = {

/* Begin PBXBuildFile section */
		28A22EF21C55E4700067C9EE /* AppDelegate.swift in Sources */ = {isa = PBXBuildFile; fileRef = 28A22EF11C55E4700067C9EE /* AppDelegate.swift */; };
		28A22EF41C55E4700067C9EE /* ViewController.swift in Sources */ = {isa = PBXBuildFile; fileRef = 28A22EF31C55E4700067C9EE /* ViewController.swift */; };
		28A22EF71C55E4700067C9EE /* Main.storyboard in Resources */ = {isa = PBXBuildFile; fileRef = 28A22EF51C55E4700067C9EE /* Main.storyboard */; };
		28A22EFA1C55E4700067C9EE /* iInstalledIt.xcdatamodeld in Sources */ = {isa = PBXBuildFile; fileRef = 28A22EF81C55E4700067C9EE /* iInstalledIt.xcdatamodeld */; };
		28A22EFC1C55E4700067C9EE /* Assets.xcassets in Resources */ = {isa = PBXBuildFile; fileRef = 28A22EFB1C55E4700067C9EE /* Assets.xcassets */; };
		28A22EFF1C55E4700067C9EE /* LaunchScreen.storyboard in Resources */ = {isa = PBXBuildFile; fileRef = 28A22EFD1C55E4700067C9EE /* LaunchScreen.storyboard */; };
		28A22F071C55EA1F0067C9EE /* RegisterPageViewController.swift in Sources */ = {isa = PBXBuildFile; fileRef = 28A22F061C55EA1F0067C9EE /* RegisterPageViewController.swift */; };
		28A22F091C5602700067C9EE /* LoginViewController.swift in Sources */ = {isa = PBXBuildFile; fileRef = 28A22F081C5602700067C9EE /* LoginViewController.swift */; };
/* End PBXBuildFile section */

/* Begin PBXFileReference section */
		28A22EEE1C55E4700067C9EE /* iInstalledIt.app */ = {isa = PBXFileReference; explicitFileType = wrapper.application; includeInIndex = 0; path = iInstalledIt.app; sourceTree = BUILT_PRODUCTS_DIR; };
		28A22EF11C55E4700067C9EE /* AppDelegate.swift */ = {isa = PBXFileReference; lastKnownFileType = sourcecode.swift; path = AppDelegate.swift; sourceTree = "<group>"; };
		28A22EF31C55E4700067C9EE /* ViewController.swift */ = {isa = PBXFileReference; lastKnownFileType = sourcecode.swift; path = ViewController.swift; sourceTree = "<group>"; };
		28A22EF61C55E4700067C9EE /* Base */ = {isa = PBXFileReference; lastKnownFileType = file.storyboard; name = Base; path = Base.lproj/Main.storyboard; sourceTree = "<group>"; };
		28A22EF91C55E4700067C9EE /* iInstalledIt.xcdatamodel */ = {isa = PBXFileReference; lastKnownFileType = wrapper.xcdatamodel; path = iInstalledIt.xcdatamodel; sourceTree = "<group>"; };
		28A22EFB1C55E4700067C9EE /* Assets.xcassets */ = {isa = PBXFileReference; lastKnownFileType = folder.assetcatalog; path = Assets.xcassets; sourceTree = "<group>"; };
		28A22EFE1C55E4700067C9EE /* Base */ = {isa = PBXFileReference; lastKnownFileType = file.storyboard; name = Base; path = Base.lproj/LaunchScreen.storyboard; sourceTree = "<group>"; };
		28A22F001C55E4700067C9EE /* Info.plist */ = {isa = PBXFileReference; lastKnownFileType = text.plist.xml; path = Info.plist; sourceTree = "<group>"; };
		28A22F061C55EA1F0067C9EE /* RegisterPageViewController.swift */ = {isa = PBXFileReference; fileEncoding = 4; lastKnownFileType = sourcecode.swift; path = RegisterPageViewController.swift; sourceTree = "<group>"; };
		28A22F081C5602700067C9EE /* LoginViewController.swift */ = {isa = PBXFileReference; fileEncoding = 4; lastKnownFileType = sourcecode.swift; path = LoginViewController.swift; sourceTree = "<group>"; };
/* End PBXFileReference section */

/* Begin PBXFrameworksBuildPhase section */
		28A22EEB1C55E4700067C9EE /* Frameworks */ = {
			isa = PBXFrameworksBuildPhase;
			buildActionMask = 2147483647;
			files = (
			);
			runOnlyForDeploymentPostprocessing = 0;
		};
/* End PBXFrameworksBuildPhase section */

/* Begin PBXGroup section */
		28A22EE51C55E4700067C9EE = {
			isa = PBXGroup;
			children = (
				28A22EF01C55E4700067C9EE /* iInstalledIt */,
				28A22EEF1C55E4700067C9EE /* Products */,
			);
			sourceTree = "<group>";
		};
		28A22EEF1C55E4700067C9EE /* Products */ = {
			isa = PBXGroup;
			children = (
				28A22EEE1C55E4700067C9EE /* iInstalledIt.app */,
			);
			name = Products;
			sourceTree = "<group>";
		};
		28A22EF01C55E4700067C9EE /* iInstalledIt */ = {
			isa = PBXGroup;
			children = (
				28A22F0A1C5602AC0067C9EE /* ViewControllers */,
				28A22EF11C55E4700067C9EE /* AppDelegate.swift */,
				28A22EF51C55E4700067C9EE /* Main.storyboard */,
				28A22EFB1C55E4700067C9EE /* Assets.xcassets */,
				28A22EFD1C55E4700067C9EE /* LaunchScreen.storyboard */,
				28A22F001C55E4700067C9EE /* Info.plist */,
				28A22EF81C55E4700067C9EE /* iInstalledIt.xcdatamodeld */,
			);
			path = iInstalledIt;
			sourceTree = "<group>";
		};
		28A22F0A1C5602AC0067C9EE /* ViewControllers */ = {
			isa = PBXGroup;
			children = (
				28A22EF31C55E4700067C9EE /* ViewController.swift */,
				28A22F081C5602700067C9EE /* LoginViewController.swift */,
				28A22F061C55EA1F0067C9EE /* RegisterPageViewController.swift */,
			);
			name = ViewControllers;
			sourceTree = "<group>";
		};
/* End PBXGroup section */

/* Begin PBXNativeTarget section */
		28A22EED1C55E4700067C9EE /* iInstalledIt */ = {
			isa = PBXNativeTarget;
			buildConfigurationList = 28A22F031C55E4700067C9EE /* Build configuration list for PBXNativeTarget "iInstalledIt" */;
			buildPhases = (
				28A22EEA1C55E4700067C9EE /* Sources */,
				28A22EEB1C55E4700067C9EE /* Frameworks */,
				28A22EEC1C55E4700067C9EE /* Resources */,
			);
			buildRules = (
			);
			dependencies = (
			);
			name = iInstalledIt;
			productName = iInstalledIt;
			productReference = 28A22EEE1C55E4700067C9EE /* iInstalledIt.app */;
			productType = "com.apple.product-type.application";
		};
/* End PBXNativeTarget section */

/* Begin PBXProject section */
		28A22EE61C55E4700067C9EE /* Project object */ = {
			isa = PBXProject;
			attributes = {
				LastSwiftUpdateCheck = 0720;
				LastUpgradeCheck = 0720;
				ORGANIZATIONNAME = "Charles Caruana";
				TargetAttributes = {
					28A22EED1C55E4700067C9EE = {
						CreatedOnToolsVersion = 7.2;
					};
				};
			};
			buildConfigurationList = 28A22EE91C55E4700067C9EE /* Build configuration list for PBXProject "iInstalledIt" */;
			compatibilityVersion = "Xcode 3.2";
			developmentRegion = English;
			hasScannedForEncodings = 0;
			knownRegions = (
				en,
				Base,
			);
			mainGroup = 28A22EE51C55E4700067C9EE;
			productRefGroup = 28A22EEF1C55E4700067C9EE /* Products */;
			projectDirPath = "";
			projectRoot = "";
			targets = (
				28A22EED1C55E4700067C9EE /* iInstalledIt */,
			);
		};
/* End PBXProject section */

/* Begin PBXResourcesBuildPhase section */
		28A22EEC1C55E4700067C9EE /* Resources */ = {
			isa = PBXResourcesBuildPhase;
			buildActionMask = 2147483647;
			files = (
				28A22EFF1C55E4700067C9EE /* LaunchScreen.storyboard in Resources */,
				28A22EFC1C55E4700067C9EE /* Assets.xcassets in Resources */,
				28A22EF71C55E4700067C9EE /* Main.storyboard in Resources */,
			);
			runOnlyForDeploymentPostprocessing = 0;
		};
/* End PBXResourcesBuildPhase section */

/* Begin PBXSourcesBuildPhase section */
		28A22EEA1C55E4700067C9EE /* Sources */ = {
			isa = PBXSourcesBuildPhase;
			buildActionMask = 2147483647;
			files = (
				28A22F071C55EA1F0067C9EE /* RegisterPageViewController.swift in Sources */,
				28A22EF41C55E4700067C9EE /* ViewController.swift in Sources */,
				28A22EF21C55E4700067C9EE /* AppDelegate.swift in Sources */,
				28A22F091C5602700067C9EE /* LoginViewController.swift in Sources */,
				28A22EFA1C55E4700067C9EE /* iInstalledIt.xcdatamodeld in Sources */,
			);
			runOnlyForDeploymentPostprocessing = 0;
		};
/* End PBXSourcesBuildPhase section */

/* Begin PBXVariantGroup section */
		28A22EF51C55E4700067C9EE /* Main.storyboard */ = {
			isa = PBXVariantGroup;
			children = (
				28A22EF61C55E4700067C9EE /* Base */,
			);
			name = Main.storyboard;
			sourceTree = "<group>";
		};
		28A22EFD1C55E4700067C9EE /* LaunchScreen.storyboard */ = {
			isa = PBXVariantGroup;
			children = (
				28A22EFE1C55E4700067C9EE /* Base */,
			);
			name = LaunchScreen.storyboard;
			sourceTree = "<group>";
		};
/* End PBXVariantGroup section */

/* Begin XCBuildConfiguration section */
		28A22F011C55E4700067C9EE /* Debug */ = {
			isa = XCBuildConfiguration;
			buildSettings = {
				ALWAYS_SEARCH_USER_PATHS = NO;
				CLANG_CXX_LANGUAGE_STANDARD = "gnu++0x";
				CLANG_CXX_LIBRARY = "libc++";
				CLANG_ENABLE_MODULES = YES;
				CLANG_ENABLE_OBJC_ARC = YES;
				CLANG_WARN_BOOL_CONVERSION = YES;
				CLANG_WARN_CONSTANT_CONVERSION = YES;
				CLANG_WARN_DIRECT_OBJC_ISA_USAGE = YES_ERROR;
				CLANG_WARN_EMPTY_BODY = YES;
				CLANG_WARN_ENUM_CONVERSION = YES;
				CLANG_WARN_INT_CONVERSION = YES;
				CLANG_WARN_OBJC_ROOT_CLASS = YES_ERROR;
				CLANG_WARN_UNREACHABLE_CODE = YES;
				CLANG_WARN__DUPLICATE_METHOD_MATCH = YES;
				"CODE_SIGN_IDENTITY[sdk=iphoneos*]" = "iPhone Developer";
				COPY_PHASE_STRIP = NO;
				DEBUG_INFORMATION_FORMAT = dwarf;
				ENABLE_STRICT_OBJC_MSGSEND = YES;
				ENABLE_TESTABILITY = YES;
				GCC_C_LANGUAGE_STANDARD = gnu99;
				GCC_DYNAMIC_NO_PIC = NO;
				GCC_NO_COMMON_BLOCKS = YES;
				GCC_OPTIMIZATION_LEVEL = 0;
				GCC_PREPROCESSOR_DEFINITIONS = (
					"DEBUG=1",
					"$(inherited)",
				);
				GCC_WARN_64_TO_32_BIT_CONVERSION = YES;
				GCC_WARN_ABOUT_RETURN_TYPE = YES_ERROR;
				GCC_WARN_UNDECLARED_SELECTOR = YES;
				GCC_WARN_UNINITIALIZED_AUTOS = YES_AGGRESSIVE;
				GCC_WARN_UNUSED_FUNCTION = YES;
				GCC_WARN_UNUSED_VARIABLE = YES;
				IPHONEOS_DEPLOYMENT_TARGET = 9.2;
				MTL_ENABLE_DEBUG_INFO = YES;
				ONLY_ACTIVE_ARCH = YES;
				SDKROOT = iphoneos;
				SWIFT_OPTIMIZATION_LEVEL = "-Onone";
			};
			name = Debug;
		};
		28A22F021C55E4700067C9EE /* Release */ = {
			isa = XCBuildConfiguration;
			buildSettings = {
				ALWAYS_SEARCH_USER_PATHS = NO;
				CLANG_CXX_LANGUAGE_STANDARD = "gnu++0x";
				CLANG_CXX_LIBRARY = "libc++";
				CLANG_ENABLE_MODULES = YES;
				CLANG_ENABLE_OBJC_ARC = YES;
				CLANG_WARN_BOOL_CONVERSION = YES;
				CLANG_WARN_CONSTANT_CONVERSION = YES;
				CLANG_WARN_DIRECT_OBJC_ISA_USAGE = YES_ERROR;
				CLANG_WARN_EMPTY_BODY = YES;
				CLANG_WARN_ENUM_CONVERSION = YES;
				CLANG_WARN_INT_CONVERSION = YES;
				CLANG_WARN_OBJC_ROOT_CLASS = YES_ERROR;
				CLANG_WARN_UNREACHABLE_CODE = YES;
				CLANG_WARN__DUPLICATE_METHOD_MATCH = YES;
				"CODE_SIGN_IDENTITY[sdk=iphoneos*]" = "iPhone Developer";
				COPY_PHASE_STRIP = NO;
				DEBUG_INFORMATION_FORMAT = "dwarf-with-dsym";
				ENABLE_NS_ASSERTIONS = NO;
				ENABLE_STRICT_OBJC_MSGSEND = YES;
				GCC_C_LANGUAGE_STANDARD = gnu99;
				GCC_NO_COMMON_BLOCKS = YES;
				GCC_WARN_64_TO_32_BIT_CONVERSION = YES;
				GCC_WARN_ABOUT_RETURN_TYPE = YES_ERROR;
				GCC_WARN_UNDECLARED_SELECTOR = YES;
				GCC_WARN_UNINITIALIZED_AUTOS = YES_AGGRESSIVE;
				GCC_WARN_UNUSED_FUNCTION = YES;
				GCC_WARN_UNUSED_VARIABLE = YES;
				IPHONEOS_DEPLOYMENT_TARGET = 9.2;
				MTL_ENABLE_DEBUG_INFO = NO;
				SDKROOT = iphoneos;
				VALIDATE_PRODUCT = YES;
			};
			name = Release;
		};
		28A22F041C55E4700067C9EE /* Debug */ = {
			isa = XCBuildConfiguration;
			buildSettings = {
				ASSETCATALOG_COMPILER_APPICON_NAME = AppIcon;
				INFOPLIST_FILE = iInstalledIt/Info.plist;
				LD_RUNPATH_SEARCH_PATHS = "$(inherited) @executable_path/Frameworks";
				PRODUCT_BUNDLE_IDENTIFIER = com.mycompany.KODI.iInstalledIt;
				PRODUCT_NAME = "$(TARGET_NAME)";
			};
			name = Debug;
		};
		28A22F051C55E4700067C9EE /* Release */ = {
			isa = XCBuildConfiguration;
			buildSettings = {
				ASSETCATALOG_COMPILER_APPICON_NAME = AppIcon;
				INFOPLIST_FILE = iInstalledIt/Info.plist;
				LD_RUNPATH_SEARCH_PATHS = "$(inherited) @executable_path/Frameworks";
				PRODUCT_BUNDLE_IDENTIFIER = com.mycompany.KODI.iInstalledIt;
				PRODUCT_NAME = "$(TARGET_NAME)";
			};
			name = Release;
		};
/* End XCBuildConfiguration section */

/* Begin XCConfigurationList section */
		28A22EE91C55E4700067C9EE /* Build configuration list for PBXProject "iInstalledIt" */ = {
			isa = XCConfigurationList;
			buildConfigurations = (
				28A22F011C55E4700067C9EE /* Debug */,
				28A22F021C55E4700067C9EE /* Release */,
			);
			defaultConfigurationIsVisible = 0;
			defaultConfigurationName = Release;
		};
		28A22F031C55E4700067C9EE /* Build configuration list for PBXNativeTarget "iInstalledIt" */ = {
			isa = XCConfigurationList;
			buildConfigurations = (
				28A22F041C55E4700067C9EE /* Debug */,
				28A22F051C55E4700067C9EE /* Release */,
			);
			defaultConfigurationIsVisible = 0;
		};
/* End XCConfigurationList section */

/* Begin XCVersionGroup section */
		28A22EF81C55E4700067C9EE /* iInstalledIt.xcdatamodeld */ = {
			isa = XCVersionGroup;
			children = (
				28A22EF91C55E4700067C9EE /* iInstalledIt.xcdatamodel */,
			);
			currentVersion = 28A22EF91C55E4700067C9EE /* iInstalledIt.xcdatamodel */;
			path = iInstalledIt.xcdatamodeld;
			sourceTree = "<group>";
			versionGroupType = wrapper.xcdatamodel;
		};
/* End XCVersionGroup section */
	};
	rootObject = 28A22EE61C55E4700067C9EE /* Project object */;
}
