// !$*UTF8*$!
{
	archiveVersion = 1;
	classes = {
	};
	objectVersion = 46;
	objects = {

/* Begin PBXBuildFile section */
		2834973D1C2F2DC3009E01E2 /* AppDelegate.swift in Sources */ = {isa = PBXBuildFile; fileRef = 2834973C1C2F2DC3009E01E2 /* AppDelegate.swift */; };
		2834973F1C2F2DC3009E01E2 /* ViewController.swift in Sources */ = {isa = PBXBuildFile; fileRef = 2834973E1C2F2DC3009E01E2 /* ViewController.swift */; };
		283497421C2F2DC3009E01E2 /* Main.storyboard in Resources */ = {isa = PBXBuildFile; fileRef = 283497401C2F2DC3009E01E2 /* Main.storyboard */; };
		283497441C2F2DC3009E01E2 /* Assets.xcassets in Resources */ = {isa = PBXBuildFile; fileRef = 283497431C2F2DC3009E01E2 /* Assets.xcassets */; };
		283497471C2F2DC3009E01E2 /* LaunchScreen.storyboard in Resources */ = {isa = PBXBuildFile; fileRef = 283497451C2F2DC3009E01E2 /* LaunchScreen.storyboard */; };
		2834974F1C2F3039009E01E2 /* Hand-Touch-512.png in Resources */ = {isa = PBXBuildFile; fileRef = 2834974E1C2F3039009E01E2 /* Hand-Touch-512.png */; };
/* End PBXBuildFile section */

/* Begin PBXFileReference section */
		283497391C2F2DC3009E01E2 /* SwipeIt.app */ = {isa = PBXFileReference; explicitFileType = wrapper.application; includeInIndex = 0; path = SwipeIt.app; sourceTree = BUILT_PRODUCTS_DIR; };
		2834973C1C2F2DC3009E01E2 /* AppDelegate.swift */ = {isa = PBXFileReference; lastKnownFileType = sourcecode.swift; path = AppDelegate.swift; sourceTree = "<group>"; };
		2834973E1C2F2DC3009E01E2 /* ViewController.swift */ = {isa = PBXFileReference; lastKnownFileType = sourcecode.swift; path = ViewController.swift; sourceTree = "<group>"; };
		283497411C2F2DC3009E01E2 /* Base */ = {isa = PBXFileReference; lastKnownFileType = file.storyboard; name = Base; path = Base.lproj/Main.storyboard; sourceTree = "<group>"; };
		283497431C2F2DC3009E01E2 /* Assets.xcassets */ = {isa = PBXFileReference; lastKnownFileType = folder.assetcatalog; path = Assets.xcassets; sourceTree = "<group>"; };
		283497461C2F2DC3009E01E2 /* Base */ = {isa = PBXFileReference; lastKnownFileType = file.storyboard; name = Base; path = Base.lproj/LaunchScreen.storyboard; sourceTree = "<group>"; };
		283497481C2F2DC3009E01E2 /* Info.plist */ = {isa = PBXFileReference; lastKnownFileType = text.plist.xml; path = Info.plist; sourceTree = "<group>"; };
		2834974E1C2F3039009E01E2 /* Hand-Touch-512.png */ = {isa = PBXFileReference; lastKnownFileType = image.png; name = "Hand-Touch-512.png"; path = "../../../../Downloads/Hand-Touch-512.png"; sourceTree = "<group>"; };
/* End PBXFileReference section */

/* Begin PBXFrameworksBuildPhase section */
		283497361C2F2DC3009E01E2 /* Frameworks */ = {
			isa = PBXFrameworksBuildPhase;
			buildActionMask = 2147483647;
			files = (
			);
			runOnlyForDeploymentPostprocessing = 0;
		};
/* End PBXFrameworksBuildPhase section */

/* Begin PBXGroup section */
		283497301C2F2DC3009E01E2 = {
			isa = PBXGroup;
			children = (
				2834973B1C2F2DC3009E01E2 /* SwipeIt */,
				2834973A1C2F2DC3009E01E2 /* Products */,
			);
			sourceTree = "<group>";
		};
		2834973A1C2F2DC3009E01E2 /* Products */ = {
			isa = PBXGroup;
			children = (
				283497391C2F2DC3009E01E2 /* SwipeIt.app */,
			);
			name = Products;
			sourceTree = "<group>";
		};
		2834973B1C2F2DC3009E01E2 /* SwipeIt */ = {
			isa = PBXGroup;
			children = (
				2834973C1C2F2DC3009E01E2 /* AppDelegate.swift */,
				2834973E1C2F2DC3009E01E2 /* ViewController.swift */,
				283497401C2F2DC3009E01E2 /* Main.storyboard */,
				283497431C2F2DC3009E01E2 /* Assets.xcassets */,
				283497451C2F2DC3009E01E2 /* LaunchScreen.storyboard */,
				2834974E1C2F3039009E01E2 /* Hand-Touch-512.png */,
				283497481C2F2DC3009E01E2 /* Info.plist */,
			);
			path = SwipeIt;
			sourceTree = "<group>";
		};
/* End PBXGroup section */

/* Begin PBXNativeTarget section */
		283497381C2F2DC3009E01E2 /* SwipeIt */ = {
			isa = PBXNativeTarget;
			buildConfigurationList = 2834974B1C2F2DC3009E01E2 /* Build configuration list for PBXNativeTarget "SwipeIt" */;
			buildPhases = (
				283497351C2F2DC3009E01E2 /* Sources */,
				283497361C2F2DC3009E01E2 /* Frameworks */,
				283497371C2F2DC3009E01E2 /* Resources */,
			);
			buildRules = (
			);
			dependencies = (
			);
			name = SwipeIt;
			productName = SwipeIt;
			productReference = 283497391C2F2DC3009E01E2 /* SwipeIt.app */;
			productType = "com.apple.product-type.application";
		};
/* End PBXNativeTarget section */

/* Begin PBXProject section */
		283497311C2F2DC3009E01E2 /* Project object */ = {
			isa = PBXProject;
			attributes = {
				LastSwiftUpdateCheck = 0720;
				LastUpgradeCheck = 0720;
				ORGANIZATIONNAME = "Charles Caruana";
				TargetAttributes = {
					283497381C2F2DC3009E01E2 = {
						CreatedOnToolsVersion = 7.2;
					};
				};
			};
			buildConfigurationList = 283497341C2F2DC3009E01E2 /* Build configuration list for PBXProject "SwipeIt" */;
			compatibilityVersion = "Xcode 3.2";
			developmentRegion = English;
			hasScannedForEncodings = 0;
			knownRegions = (
				en,
				Base,
			);
			mainGroup = 283497301C2F2DC3009E01E2;
			productRefGroup = 2834973A1C2F2DC3009E01E2 /* Products */;
			projectDirPath = "";
			projectRoot = "";
			targets = (
				283497381C2F2DC3009E01E2 /* SwipeIt */,
			);
		};
/* End PBXProject section */

/* Begin PBXResourcesBuildPhase section */
		283497371C2F2DC3009E01E2 /* Resources */ = {
			isa = PBXResourcesBuildPhase;
			buildActionMask = 2147483647;
			files = (
				283497471C2F2DC3009E01E2 /* LaunchScreen.storyboard in Resources */,
				2834974F1C2F3039009E01E2 /* Hand-Touch-512.png in Resources */,
				283497441C2F2DC3009E01E2 /* Assets.xcassets in Resources */,
				283497421C2F2DC3009E01E2 /* Main.storyboard in Resources */,
			);
			runOnlyForDeploymentPostprocessing = 0;
		};
/* End PBXResourcesBuildPhase section */

/* Begin PBXSourcesBuildPhase section */
		283497351C2F2DC3009E01E2 /* Sources */ = {
			isa = PBXSourcesBuildPhase;
			buildActionMask = 2147483647;
			files = (
				2834973F1C2F2DC3009E01E2 /* ViewController.swift in Sources */,
				2834973D1C2F2DC3009E01E2 /* AppDelegate.swift in Sources */,
			);
			runOnlyForDeploymentPostprocessing = 0;
		};
/* End PBXSourcesBuildPhase section */

/* Begin PBXVariantGroup section */
		283497401C2F2DC3009E01E2 /* Main.storyboard */ = {
			isa = PBXVariantGroup;
			children = (
				283497411C2F2DC3009E01E2 /* Base */,
			);
			name = Main.storyboard;
			sourceTree = "<group>";
		};
		283497451C2F2DC3009E01E2 /* LaunchScreen.storyboard */ = {
			isa = PBXVariantGroup;
			children = (
				283497461C2F2DC3009E01E2 /* Base */,
			);
			name = LaunchScreen.storyboard;
			sourceTree = "<group>";
		};
/* End PBXVariantGroup section */

/* Begin XCBuildConfiguration section */
		283497491C2F2DC3009E01E2 /* Debug */ = {
			isa = XCBuildConfiguration;
			buildSettings = {
				ALWAYS_SEARCH_USER_PATHS = NO;
				CLANG_CXX_LANGUAGE_STANDARD = "gnu++0x";
				CLANG_CXX_LIBRARY = "libc++";
				CLANG_ENABLE_MODULES = YES;
				CLANG_ENABLE_OBJC_ARC = YES;
				CLANG_WARN_BOOL_CONVERSION = YES;
				CLANG_WARN_CONSTANT_CONVERSION = YES;
				CLANG_WARN_DIRECT_OBJC_ISA_USAGE = YES_ERROR;
				CLANG_WARN_EMPTY_BODY = YES;
				CLANG_WARN_ENUM_CONVERSION = YES;
				CLANG_WARN_INT_CONVERSION = YES;
				CLANG_WARN_OBJC_ROOT_CLASS = YES_ERROR;
				CLANG_WARN_UNREACHABLE_CODE = YES;
				CLANG_WARN__DUPLICATE_METHOD_MATCH = YES;
				"CODE_SIGN_IDENTITY[sdk=iphoneos*]" = "iPhone Developer";
				COPY_PHASE_STRIP = NO;
				DEBUG_INFORMATION_FORMAT = dwarf;
				ENABLE_STRICT_OBJC_MSGSEND = YES;
				ENABLE_TESTABILITY = YES;
				GCC_C_LANGUAGE_STANDARD = gnu99;
				GCC_DYNAMIC_NO_PIC = NO;
				GCC_NO_COMMON_BLOCKS = YES;
				GCC_OPTIMIZATION_LEVEL = 0;
				GCC_PREPROCESSOR_DEFINITIONS = (
					"DEBUG=1",
					"$(inherited)",
				);
				GCC_WARN_64_TO_32_BIT_CONVERSION = YES;
				GCC_WARN_ABOUT_RETURN_TYPE = YES_ERROR;
				GCC_WARN_UNDECLARED_SELECTOR = YES;
				GCC_WARN_UNINITIALIZED_AUTOS = YES_AGGRESSIVE;
				GCC_WARN_UNUSED_FUNCTION = YES;
				GCC_WARN_UNUSED_VARIABLE = YES;
				IPHONEOS_DEPLOYMENT_TARGET = 9.2;
				MTL_ENABLE_DEBUG_INFO = YES;
				ONLY_ACTIVE_ARCH = YES;
				SDKROOT = iphoneos;
				SWIFT_OPTIMIZATION_LEVEL = "-Onone";
			};
			name = Debug;
		};
		2834974A1C2F2DC3009E01E2 /* Release */ = {
			isa = XCBuildConfiguration;
			buildSettings = {
				ALWAYS_SEARCH_USER_PATHS = NO;
				CLANG_CXX_LANGUAGE_STANDARD = "gnu++0x";
				CLANG_CXX_LIBRARY = "libc++";
				CLANG_ENABLE_MODULES = YES;
				CLANG_ENABLE_OBJC_ARC = YES;
				CLANG_WARN_BOOL_CONVERSION = YES;
				CLANG_WARN_CONSTANT_CONVERSION = YES;
				CLANG_WARN_DIRECT_OBJC_ISA_USAGE = YES_ERROR;
				CLANG_WARN_EMPTY_BODY = YES;
				CLANG_WARN_ENUM_CONVERSION = YES;
				CLANG_WARN_INT_CONVERSION = YES;
				CLANG_WARN_OBJC_ROOT_CLASS = YES_ERROR;
				CLANG_WARN_UNREACHABLE_CODE = YES;
				CLANG_WARN__DUPLICATE_METHOD_MATCH = YES;
				"CODE_SIGN_IDENTITY[sdk=iphoneos*]" = "iPhone Developer";
				COPY_PHASE_STRIP = NO;
				DEBUG_INFORMATION_FORMAT = "dwarf-with-dsym";
				ENABLE_NS_ASSERTIONS = NO;
				ENABLE_STRICT_OBJC_MSGSEND = YES;
				GCC_C_LANGUAGE_STANDARD = gnu99;
				GCC_NO_COMMON_BLOCKS = YES;
				GCC_WARN_64_TO_32_BIT_CONVERSION = YES;
				GCC_WARN_ABOUT_RETURN_TYPE = YES_ERROR;
				GCC_WARN_UNDECLARED_SELECTOR = YES;
				GCC_WARN_UNINITIALIZED_AUTOS = YES_AGGRESSIVE;
				GCC_WARN_UNUSED_FUNCTION = YES;
				GCC_WARN_UNUSED_VARIABLE = YES;
				IPHONEOS_DEPLOYMENT_TARGET = 9.2;
				MTL_ENABLE_DEBUG_INFO = NO;
				SDKROOT = iphoneos;
				VALIDATE_PRODUCT = YES;
			};
			name = Release;
		};
		2834974C1C2F2DC3009E01E2 /* Debug */ = {
			isa = XCBuildConfiguration;
			buildSettings = {
				ASSETCATALOG_COMPILER_APPICON_NAME = AppIcon;
				INFOPLIST_FILE = SwipeIt/Info.plist;
				LD_RUNPATH_SEARCH_PATHS = "$(inherited) @executable_path/Frameworks";
				PRODUCT_BUNDLE_IDENTIFIER = com.mycompany.SwipeIt;
				PRODUCT_NAME = "$(TARGET_NAME)";
			};
			name = Debug;
		};
		2834974D1C2F2DC3009E01E2 /* Release */ = {
			isa = XCBuildConfiguration;
			buildSettings = {
				ASSETCATALOG_COMPILER_APPICON_NAME = AppIcon;
				INFOPLIST_FILE = SwipeIt/Info.plist;
				LD_RUNPATH_SEARCH_PATHS = "$(inherited) @executable_path/Frameworks";
				PRODUCT_BUNDLE_IDENTIFIER = com.mycompany.SwipeIt;
				PRODUCT_NAME = "$(TARGET_NAME)";
			};
			name = Release;
		};
/* End XCBuildConfiguration section */

/* Begin XCConfigurationList section */
		283497341C2F2DC3009E01E2 /* Build configuration list for PBXProject "SwipeIt" */ = {
			isa = XCConfigurationList;
			buildConfigurations = (
				283497491C2F2DC3009E01E2 /* Debug */,
				2834974A1C2F2DC3009E01E2 /* Release */,
			);
			defaultConfigurationIsVisible = 0;
			defaultConfigurationName = Release;
		};
		2834974B1C2F2DC3009E01E2 /* Build configuration list for PBXNativeTarget "SwipeIt" */ = {
			isa = XCConfigurationList;
			buildConfigurations = (
				2834974C1C2F2DC3009E01E2 /* Debug */,
				2834974D1C2F2DC3009E01E2 /* Release */,
			);
			defaultConfigurationIsVisible = 0;
		};
/* End XCConfigurationList section */
	};
	rootObject = 283497311C2F2DC3009E01E2 /* Project object */;
}
