// !$*UTF8*$!
{
	archiveVersion = 1;
	classes = {
	};
	objectVersion = 46;
	objects = {

/* Begin PBXBuildFile section */
		289F39AC1C2095CA0017906A /* AppDelegate.swift in Sources */ = {isa = PBXBuildFile; fileRef = 289F39AB1C2095CA0017906A /* AppDelegate.swift */; };
		289F39AE1C2095CA0017906A /* ViewController.swift in Sources */ = {isa = PBXBuildFile; fileRef = 289F39AD1C2095CA0017906A /* ViewController.swift */; };
		289F39B11C2095CA0017906A /* Main.storyboard in Resources */ = {isa = PBXBuildFile; fileRef = 289F39AF1C2095CA0017906A /* Main.storyboard */; };
		289F39B31C2095CA0017906A /* Assets.xcassets in Resources */ = {isa = PBXBuildFile; fileRef = 289F39B21C2095CA0017906A /* Assets.xcassets */; };
		289F39B61C2095CA0017906A /* LaunchScreen.storyboard in Resources */ = {isa = PBXBuildFile; fileRef = 289F39B41C2095CA0017906A /* LaunchScreen.storyboard */; };
		289F39C11C2095CB0017906A /* __passingOnInformationTests.swift in Sources */ = {isa = PBXBuildFile; fileRef = 289F39C01C2095CB0017906A /* __passingOnInformationTests.swift */; };
		289F39CC1C2095CB0017906A /* __passingOnInformationUITests.swift in Sources */ = {isa = PBXBuildFile; fileRef = 289F39CB1C2095CB0017906A /* __passingOnInformationUITests.swift */; };
/* End PBXBuildFile section */

/* Begin PBXContainerItemProxy section */
		289F39BD1C2095CB0017906A /* PBXContainerItemProxy */ = {
			isa = PBXContainerItemProxy;
			containerPortal = 289F39A01C2095CA0017906A /* Project object */;
			proxyType = 1;
			remoteGlobalIDString = 289F39A71C2095CA0017906A;
			remoteInfo = 1.passingOnInformation;
		};
		289F39C81C2095CB0017906A /* PBXContainerItemProxy */ = {
			isa = PBXContainerItemProxy;
			containerPortal = 289F39A01C2095CA0017906A /* Project object */;
			proxyType = 1;
			remoteGlobalIDString = 289F39A71C2095CA0017906A;
			remoteInfo = 1.passingOnInformation;
		};
/* End PBXContainerItemProxy section */

/* Begin PBXFileReference section */
		289F39A81C2095CA0017906A /* 1.passingOnInformation.app */ = {isa = PBXFileReference; explicitFileType = wrapper.application; includeInIndex = 0; path = 1.passingOnInformation.app; sourceTree = BUILT_PRODUCTS_DIR; };
		289F39AB1C2095CA0017906A /* AppDelegate.swift */ = {isa = PBXFileReference; lastKnownFileType = sourcecode.swift; path = AppDelegate.swift; sourceTree = "<group>"; };
		289F39AD1C2095CA0017906A /* ViewController.swift */ = {isa = PBXFileReference; lastKnownFileType = sourcecode.swift; path = ViewController.swift; sourceTree = "<group>"; };
		289F39B01C2095CA0017906A /* Base */ = {isa = PBXFileReference; lastKnownFileType = file.storyboard; name = Base; path = Base.lproj/Main.storyboard; sourceTree = "<group>"; };
		289F39B21C2095CA0017906A /* Assets.xcassets */ = {isa = PBXFileReference; lastKnownFileType = folder.assetcatalog; path = Assets.xcassets; sourceTree = "<group>"; };
		289F39B51C2095CA0017906A /* Base */ = {isa = PBXFileReference; lastKnownFileType = file.storyboard; name = Base; path = Base.lproj/LaunchScreen.storyboard; sourceTree = "<group>"; };
		289F39B71C2095CA0017906A /* Info.plist */ = {isa = PBXFileReference; lastKnownFileType = text.plist.xml; path = Info.plist; sourceTree = "<group>"; };
		289F39BC1C2095CB0017906A /* 1.passingOnInformationTests.xctest */ = {isa = PBXFileReference; explicitFileType = wrapper.cfbundle; includeInIndex = 0; path = 1.passingOnInformationTests.xctest; sourceTree = BUILT_PRODUCTS_DIR; };
		289F39C01C2095CB0017906A /* __passingOnInformationTests.swift */ = {isa = PBXFileReference; lastKnownFileType = sourcecode.swift; path = __passingOnInformationTests.swift; sourceTree = "<group>"; };
		289F39C21C2095CB0017906A /* Info.plist */ = {isa = PBXFileReference; lastKnownFileType = text.plist.xml; path = Info.plist; sourceTree = "<group>"; };
		289F39C71C2095CB0017906A /* 1.passingOnInformationUITests.xctest */ = {isa = PBXFileReference; explicitFileType = wrapper.cfbundle; includeInIndex = 0; path = 1.passingOnInformationUITests.xctest; sourceTree = BUILT_PRODUCTS_DIR; };
		289F39CB1C2095CB0017906A /* __passingOnInformationUITests.swift */ = {isa = PBXFileReference; lastKnownFileType = sourcecode.swift; path = __passingOnInformationUITests.swift; sourceTree = "<group>"; };
		289F39CD1C2095CB0017906A /* Info.plist */ = {isa = PBXFileReference; lastKnownFileType = text.plist.xml; path = Info.plist; sourceTree = "<group>"; };
/* End PBXFileReference section */

/* Begin PBXFrameworksBuildPhase section */
		289F39A51C2095CA0017906A /* Frameworks */ = {
			isa = PBXFrameworksBuildPhase;
			buildActionMask = 2147483647;
			files = (
			);
			runOnlyForDeploymentPostprocessing = 0;
		};
		289F39B91C2095CB0017906A /* Frameworks */ = {
			isa = PBXFrameworksBuildPhase;
			buildActionMask = 2147483647;
			files = (
			);
			runOnlyForDeploymentPostprocessing = 0;
		};
		289F39C41C2095CB0017906A /* Frameworks */ = {
			isa = PBXFrameworksBuildPhase;
			buildActionMask = 2147483647;
			files = (
			);
			runOnlyForDeploymentPostprocessing = 0;
		};
/* End PBXFrameworksBuildPhase section */

/* Begin PBXGroup section */
		289F399F1C2095CA0017906A = {
			isa = PBXGroup;
			children = (
				289F39AA1C2095CA0017906A /* 1.passingOnInformation */,
				289F39BF1C2095CB0017906A /* 1.passingOnInformationTests */,
				289F39CA1C2095CB0017906A /* 1.passingOnInformationUITests */,
				289F39A91C2095CA0017906A /* Products */,
			);
			sourceTree = "<group>";
		};
		289F39A91C2095CA0017906A /* Products */ = {
			isa = PBXGroup;
			children = (
				289F39A81C2095CA0017906A /* 1.passingOnInformation.app */,
				289F39BC1C2095CB0017906A /* 1.passingOnInformationTests.xctest */,
				289F39C71C2095CB0017906A /* 1.passingOnInformationUITests.xctest */,
			);
			name = Products;
			sourceTree = "<group>";
		};
		289F39AA1C2095CA0017906A /* 1.passingOnInformation */ = {
			isa = PBXGroup;
			children = (
				289F39AB1C2095CA0017906A /* AppDelegate.swift */,
				289F39AD1C2095CA0017906A /* ViewController.swift */,
				289F39AF1C2095CA0017906A /* Main.storyboard */,
				289F39B21C2095CA0017906A /* Assets.xcassets */,
				289F39B41C2095CA0017906A /* LaunchScreen.storyboard */,
				289F39B71C2095CA0017906A /* Info.plist */,
			);
			path = 1.passingOnInformation;
			sourceTree = "<group>";
		};
		289F39BF1C2095CB0017906A /* 1.passingOnInformationTests */ = {
			isa = PBXGroup;
			children = (
				289F39C01C2095CB0017906A /* __passingOnInformationTests.swift */,
				289F39C21C2095CB0017906A /* Info.plist */,
			);
			path = 1.passingOnInformationTests;
			sourceTree = "<group>";
		};
		289F39CA1C2095CB0017906A /* 1.passingOnInformationUITests */ = {
			isa = PBXGroup;
			children = (
				289F39CB1C2095CB0017906A /* __passingOnInformationUITests.swift */,
				289F39CD1C2095CB0017906A /* Info.plist */,
			);
			path = 1.passingOnInformationUITests;
			sourceTree = "<group>";
		};
/* End PBXGroup section */

/* Begin PBXNativeTarget section */
		289F39A71C2095CA0017906A /* 1.passingOnInformation */ = {
			isa = PBXNativeTarget;
			buildConfigurationList = 289F39D01C2095CB0017906A /* Build configuration list for PBXNativeTarget "1.passingOnInformation" */;
			buildPhases = (
				289F39A41C2095CA0017906A /* Sources */,
				289F39A51C2095CA0017906A /* Frameworks */,
				289F39A61C2095CA0017906A /* Resources */,
			);
			buildRules = (
			);
			dependencies = (
			);
			name = 1.passingOnInformation;
			productName = 1.passingOnInformation;
			productReference = 289F39A81C2095CA0017906A /* 1.passingOnInformation.app */;
			productType = "com.apple.product-type.application";
		};
		289F39BB1C2095CB0017906A /* 1.passingOnInformationTests */ = {
			isa = PBXNativeTarget;
			buildConfigurationList = 289F39D31C2095CB0017906A /* Build configuration list for PBXNativeTarget "1.passingOnInformationTests" */;
			buildPhases = (
				289F39B81C2095CB0017906A /* Sources */,
				289F39B91C2095CB0017906A /* Frameworks */,
				289F39BA1C2095CB0017906A /* Resources */,
			);
			buildRules = (
			);
			dependencies = (
				289F39BE1C2095CB0017906A /* PBXTargetDependency */,
			);
			name = 1.passingOnInformationTests;
			productName = 1.passingOnInformationTests;
			productReference = 289F39BC1C2095CB0017906A /* 1.passingOnInformationTests.xctest */;
			productType = "com.apple.product-type.bundle.unit-test";
		};
		289F39C61C2095CB0017906A /* 1.passingOnInformationUITests */ = {
			isa = PBXNativeTarget;
			buildConfigurationList = 289F39D61C2095CB0017906A /* Build configuration list for PBXNativeTarget "1.passingOnInformationUITests" */;
			buildPhases = (
				289F39C31C2095CB0017906A /* Sources */,
				289F39C41C2095CB0017906A /* Frameworks */,
				289F39C51C2095CB0017906A /* Resources */,
			);
			buildRules = (
			);
			dependencies = (
				289F39C91C2095CB0017906A /* PBXTargetDependency */,
			);
			name = 1.passingOnInformationUITests;
			productName = 1.passingOnInformationUITests;
			productReference = 289F39C71C2095CB0017906A /* 1.passingOnInformationUITests.xctest */;
			productType = "com.apple.product-type.bundle.ui-testing";
		};
/* End PBXNativeTarget section */

/* Begin PBXProject section */
		289F39A01C2095CA0017906A /* Project object */ = {
			isa = PBXProject;
			attributes = {
				LastSwiftUpdateCheck = 0710;
				LastUpgradeCheck = 0710;
				ORGANIZATIONNAME = chumio.inc;
				TargetAttributes = {
					289F39A71C2095CA0017906A = {
						CreatedOnToolsVersion = 7.1.1;
					};
					289F39BB1C2095CB0017906A = {
						CreatedOnToolsVersion = 7.1.1;
						TestTargetID = 289F39A71C2095CA0017906A;
					};
					289F39C61C2095CB0017906A = {
						CreatedOnToolsVersion = 7.1.1;
						TestTargetID = 289F39A71C2095CA0017906A;
					};
				};
			};
			buildConfigurationList = 289F39A31C2095CA0017906A /* Build configuration list for PBXProject "1.passingOnInformation" */;
			compatibilityVersion = "Xcode 3.2";
			developmentRegion = English;
			hasScannedForEncodings = 0;
			knownRegions = (
				en,
				Base,
			);
			mainGroup = 289F399F1C2095CA0017906A;
			productRefGroup = 289F39A91C2095CA0017906A /* Products */;
			projectDirPath = "";
			projectRoot = "";
			targets = (
				289F39A71C2095CA0017906A /* 1.passingOnInformation */,
				289F39BB1C2095CB0017906A /* 1.passingOnInformationTests */,
				289F39C61C2095CB0017906A /* 1.passingOnInformationUITests */,
			);
		};
/* End PBXProject section */

/* Begin PBXResourcesBuildPhase section */
		289F39A61C2095CA0017906A /* Resources */ = {
			isa = PBXResourcesBuildPhase;
			buildActionMask = 2147483647;
			files = (
				289F39B61C2095CA0017906A /* LaunchScreen.storyboard in Resources */,
				289F39B31C2095CA0017906A /* Assets.xcassets in Resources */,
				289F39B11C2095CA0017906A /* Main.storyboard in Resources */,
			);
			runOnlyForDeploymentPostprocessing = 0;
		};
		289F39BA1C2095CB0017906A /* Resources */ = {
			isa = PBXResourcesBuildPhase;
			buildActionMask = 2147483647;
			files = (
			);
			runOnlyForDeploymentPostprocessing = 0;
		};
		289F39C51C2095CB0017906A /* Resources */ = {
			isa = PBXResourcesBuildPhase;
			buildActionMask = 2147483647;
			files = (
			);
			runOnlyForDeploymentPostprocessing = 0;
		};
/* End PBXResourcesBuildPhase section */

/* Begin PBXSourcesBuildPhase section */
		289F39A41C2095CA0017906A /* Sources */ = {
			isa = PBXSourcesBuildPhase;
			buildActionMask = 2147483647;
			files = (
				289F39AE1C2095CA0017906A /* ViewController.swift in Sources */,
				289F39AC1C2095CA0017906A /* AppDelegate.swift in Sources */,
			);
			runOnlyForDeploymentPostprocessing = 0;
		};
		289F39B81C2095CB0017906A /* Sources */ = {
			isa = PBXSourcesBuildPhase;
			buildActionMask = 2147483647;
			files = (
				289F39C11C2095CB0017906A /* __passingOnInformationTests.swift in Sources */,
			);
			runOnlyForDeploymentPostprocessing = 0;
		};
		289F39C31C2095CB0017906A /* Sources */ = {
			isa = PBXSourcesBuildPhase;
			buildActionMask = 2147483647;
			files = (
				289F39CC1C2095CB0017906A /* __passingOnInformationUITests.swift in Sources */,
			);
			runOnlyForDeploymentPostprocessing = 0;
		};
/* End PBXSourcesBuildPhase section */

/* Begin PBXTargetDependency section */
		289F39BE1C2095CB0017906A /* PBXTargetDependency */ = {
			isa = PBXTargetDependency;
			target = 289F39A71C2095CA0017906A /* 1.passingOnInformation */;
			targetProxy = 289F39BD1C2095CB0017906A /* PBXContainerItemProxy */;
		};
		289F39C91C2095CB0017906A /* PBXTargetDependency */ = {
			isa = PBXTargetDependency;
			target = 289F39A71C2095CA0017906A /* 1.passingOnInformation */;
			targetProxy = 289F39C81C2095CB0017906A /* PBXContainerItemProxy */;
		};
/* End PBXTargetDependency section */

/* Begin PBXVariantGroup section */
		289F39AF1C2095CA0017906A /* Main.storyboard */ = {
			isa = PBXVariantGroup;
			children = (
				289F39B01C2095CA0017906A /* Base */,
			);
			name = Main.storyboard;
			sourceTree = "<group>";
		};
		289F39B41C2095CA0017906A /* LaunchScreen.storyboard */ = {
			isa = PBXVariantGroup;
			children = (
				289F39B51C2095CA0017906A /* Base */,
			);
			name = LaunchScreen.storyboard;
			sourceTree = "<group>";
		};
/* End PBXVariantGroup section */

/* Begin XCBuildConfiguration section */
		289F39CE1C2095CB0017906A /* Debug */ = {
			isa = XCBuildConfiguration;
			buildSettings = {
				ALWAYS_SEARCH_USER_PATHS = NO;
				CLANG_CXX_LANGUAGE_STANDARD = "gnu++0x";
				CLANG_CXX_LIBRARY = "libc++";
				CLANG_ENABLE_MODULES = YES;
				CLANG_ENABLE_OBJC_ARC = YES;
				CLANG_WARN_BOOL_CONVERSION = YES;
				CLANG_WARN_CONSTANT_CONVERSION = YES;
				CLANG_WARN_DIRECT_OBJC_ISA_USAGE = YES_ERROR;
				CLANG_WARN_EMPTY_BODY = YES;
				CLANG_WARN_ENUM_CONVERSION = YES;
				CLANG_WARN_INT_CONVERSION = YES;
				CLANG_WARN_OBJC_ROOT_CLASS = YES_ERROR;
				CLANG_WARN_UNREACHABLE_CODE = YES;
				CLANG_WARN__DUPLICATE_METHOD_MATCH = YES;
				"CODE_SIGN_IDENTITY[sdk=iphoneos*]" = "iPhone Developer";
				COPY_PHASE_STRIP = NO;
				DEBUG_INFORMATION_FORMAT = dwarf;
				ENABLE_STRICT_OBJC_MSGSEND = YES;
				ENABLE_TESTABILITY = YES;
				GCC_C_LANGUAGE_STANDARD = gnu99;
				GCC_DYNAMIC_NO_PIC = NO;
				GCC_NO_COMMON_BLOCKS = YES;
				GCC_OPTIMIZATION_LEVEL = 0;
				GCC_PREPROCESSOR_DEFINITIONS = (
					"DEBUG=1",
					"$(inherited)",
				);
				GCC_WARN_64_TO_32_BIT_CONVERSION = YES;
				GCC_WARN_ABOUT_RETURN_TYPE = YES_ERROR;
				GCC_WARN_UNDECLARED_SELECTOR = YES;
				GCC_WARN_UNINITIALIZED_AUTOS = YES_AGGRESSIVE;
				GCC_WARN_UNUSED_FUNCTION = YES;
				GCC_WARN_UNUSED_VARIABLE = YES;
				IPHONEOS_DEPLOYMENT_TARGET = 9.1;
				MTL_ENABLE_DEBUG_INFO = YES;
				ONLY_ACTIVE_ARCH = YES;
				SDKROOT = iphoneos;
				SWIFT_OPTIMIZATION_LEVEL = "-Onone";
			};
			name = Debug;
		};
		289F39CF1C2095CB0017906A /* Release */ = {
			isa = XCBuildConfiguration;
			buildSettings = {
				ALWAYS_SEARCH_USER_PATHS = NO;
				CLANG_CXX_LANGUAGE_STANDARD = "gnu++0x";
				CLANG_CXX_LIBRARY = "libc++";
				CLANG_ENABLE_MODULES = YES;
				CLANG_ENABLE_OBJC_ARC = YES;
				CLANG_WARN_BOOL_CONVERSION = YES;
				CLANG_WARN_CONSTANT_CONVERSION = YES;
				CLANG_WARN_DIRECT_OBJC_ISA_USAGE = YES_ERROR;
				CLANG_WARN_EMPTY_BODY = YES;
				CLANG_WARN_ENUM_CONVERSION = YES;
				CLANG_WARN_INT_CONVERSION = YES;
				CLANG_WARN_OBJC_ROOT_CLASS = YES_ERROR;
				CLANG_WARN_UNREACHABLE_CODE = YES;
				CLANG_WARN__DUPLICATE_METHOD_MATCH = YES;
				"CODE_SIGN_IDENTITY[sdk=iphoneos*]" = "iPhone Developer";
				COPY_PHASE_STRIP = NO;
				DEBUG_INFORMATION_FORMAT = "dwarf-with-dsym";
				ENABLE_NS_ASSERTIONS = NO;
				ENABLE_STRICT_OBJC_MSGSEND = YES;
				GCC_C_LANGUAGE_STANDARD = gnu99;
				GCC_NO_COMMON_BLOCKS = YES;
				GCC_WARN_64_TO_32_BIT_CONVERSION = YES;
				GCC_WARN_ABOUT_RETURN_TYPE = YES_ERROR;
				GCC_WARN_UNDECLARED_SELECTOR = YES;
				GCC_WARN_UNINITIALIZED_AUTOS = YES_AGGRESSIVE;
				GCC_WARN_UNUSED_FUNCTION = YES;
				GCC_WARN_UNUSED_VARIABLE = YES;
				IPHONEOS_DEPLOYMENT_TARGET = 9.1;
				MTL_ENABLE_DEBUG_INFO = NO;
				SDKROOT = iphoneos;
				VALIDATE_PRODUCT = YES;
			};
			name = Release;
		};
		289F39D11C2095CB0017906A /* Debug */ = {
			isa = XCBuildConfiguration;
			buildSettings = {
				ASSETCATALOG_COMPILER_APPICON_NAME = AppIcon;
				INFOPLIST_FILE = 1.passingOnInformation/Info.plist;
				LD_RUNPATH_SEARCH_PATHS = "$(inherited) @executable_path/Frameworks";
				PRODUCT_BUNDLE_IDENTIFIER = "com.chumioin.--passingOnInformation";
				PRODUCT_NAME = "$(TARGET_NAME)";
			};
			name = Debug;
		};
		289F39D21C2095CB0017906A /* Release */ = {
			isa = XCBuildConfiguration;
			buildSettings = {
				ASSETCATALOG_COMPILER_APPICON_NAME = AppIcon;
				INFOPLIST_FILE = 1.passingOnInformation/Info.plist;
				LD_RUNPATH_SEARCH_PATHS = "$(inherited) @executable_path/Frameworks";
				PRODUCT_BUNDLE_IDENTIFIER = "com.chumioin.--passingOnInformation";
				PRODUCT_NAME = "$(TARGET_NAME)";
			};
			name = Release;
		};
		289F39D41C2095CB0017906A /* Debug */ = {
			isa = XCBuildConfiguration;
			buildSettings = {
				BUNDLE_LOADER = "$(TEST_HOST)";
				INFOPLIST_FILE = 1.passingOnInformationTests/Info.plist;
				LD_RUNPATH_SEARCH_PATHS = "$(inherited) @executable_path/Frameworks @loader_path/Frameworks";
				PRODUCT_BUNDLE_IDENTIFIER = "com.chumioin.--passingOnInformationTests";
				PRODUCT_NAME = "$(TARGET_NAME)";
				TEST_HOST = "$(BUILT_PRODUCTS_DIR)/1.passingOnInformation.app/1.passingOnInformation";
			};
			name = Debug;
		};
		289F39D51C2095CB0017906A /* Release */ = {
			isa = XCBuildConfiguration;
			buildSettings = {
				BUNDLE_LOADER = "$(TEST_HOST)";
				INFOPLIST_FILE = 1.passingOnInformationTests/Info.plist;
				LD_RUNPATH_SEARCH_PATHS = "$(inherited) @executable_path/Frameworks @loader_path/Frameworks";
				PRODUCT_BUNDLE_IDENTIFIER = "com.chumioin.--passingOnInformationTests";
				PRODUCT_NAME = "$(TARGET_NAME)";
				TEST_HOST = "$(BUILT_PRODUCTS_DIR)/1.passingOnInformation.app/1.passingOnInformation";
			};
			name = Release;
		};
		289F39D71C2095CB0017906A /* Debug */ = {
			isa = XCBuildConfiguration;
			buildSettings = {
				INFOPLIST_FILE = 1.passingOnInformationUITests/Info.plist;
				LD_RUNPATH_SEARCH_PATHS = "$(inherited) @executable_path/Frameworks @loader_path/Frameworks";
				PRODUCT_BUNDLE_IDENTIFIER = "com.chumioin.--passingOnInformationUITests";
				PRODUCT_NAME = "$(TARGET_NAME)";
				TEST_TARGET_NAME = 1.passingOnInformation;
				USES_XCTRUNNER = YES;
			};
			name = Debug;
		};
		289F39D81C2095CB0017906A /* Release */ = {
			isa = XCBuildConfiguration;
			buildSettings = {
				INFOPLIST_FILE = 1.passingOnInformationUITests/Info.plist;
				LD_RUNPATH_SEARCH_PATHS = "$(inherited) @executable_path/Frameworks @loader_path/Frameworks";
				PRODUCT_BUNDLE_IDENTIFIER = "com.chumioin.--passingOnInformationUITests";
				PRODUCT_NAME = "$(TARGET_NAME)";
				TEST_TARGET_NAME = 1.passingOnInformation;
				USES_XCTRUNNER = YES;
			};
			name = Release;
		};
/* End XCBuildConfiguration section */

/* Begin XCConfigurationList section */
		289F39A31C2095CA0017906A /* Build configuration list for PBXProject "1.passingOnInformation" */ = {
			isa = XCConfigurationList;
			buildConfigurations = (
				289F39CE1C2095CB0017906A /* Debug */,
				289F39CF1C2095CB0017906A /* Release */,
			);
			defaultConfigurationIsVisible = 0;
			defaultConfigurationName = Release;
		};
		289F39D01C2095CB0017906A /* Build configuration list for PBXNativeTarget "1.passingOnInformation" */ = {
			isa = XCConfigurationList;
			buildConfigurations = (
				289F39D11C2095CB0017906A /* Debug */,
				289F39D21C2095CB0017906A /* Release */,
			);
			defaultConfigurationIsVisible = 0;
		};
		289F39D31C2095CB0017906A /* Build configuration list for PBXNativeTarget "1.passingOnInformationTests" */ = {
			isa = XCConfigurationList;
			buildConfigurations = (
				289F39D41C2095CB0017906A /* Debug */,
				289F39D51C2095CB0017906A /* Release */,
			);
			defaultConfigurationIsVisible = 0;
		};
		289F39D61C2095CB0017906A /* Build configuration list for PBXNativeTarget "1.passingOnInformationUITests" */ = {
			isa = XCConfigurationList;
			buildConfigurations = (
				289F39D71C2095CB0017906A /* Debug */,
				289F39D81C2095CB0017906A /* Release */,
			);
			defaultConfigurationIsVisible = 0;
		};
/* End XCConfigurationList section */
	};
	rootObject = 289F39A01C2095CA0017906A /* Project object */;
}
